// !$*UTF8*$!
{
	archiveVersion = 1;
	classes = {
	};
	objectVersion = 46;
	objects = {

/* Begin PBXBuildFile section */
		A14637DF1A88BC6200624F81 /* TabBarViewController.m in Sources */ = {isa = PBXBuildFile; fileRef = A14637DE1A88BC6200624F81 /* TabBarViewController.m */; };
		A14A85D91ACABAE900E25AE4 /* NALLabelsMatrix.m in Sources */ = {isa = PBXBuildFile; fileRef = A14A85D81ACABAE900E25AE4 /* NALLabelsMatrix.m */; };
		A14B65BE1A7CDFFA00566E4B /* icon_09.png in Resources */ = {isa = PBXBuildFile; fileRef = A14B65BB1A7CDFFA00566E4B /* icon_09.png */; };
		A14B65BF1A7CDFFA00566E4B /* icon_10.png in Resources */ = {isa = PBXBuildFile; fileRef = A14B65BC1A7CDFFA00566E4B /* icon_10.png */; };
		A14B65C01A7CDFFA00566E4B /* icon_12.png in Resources */ = {isa = PBXBuildFile; fileRef = A14B65BD1A7CDFFA00566E4B /* icon_12.png */; };
		A14F26681AC93D91002AC461 /* SleepViewController.m in Sources */ = {isa = PBXBuildFile; fileRef = A14F26671AC93D91002AC461 /* SleepViewController.m */; };
		A14F266B1AC942A7002AC461 /* HeartRateViewController.m in Sources */ = {isa = PBXBuildFile; fileRef = A14F266A1AC942A7002AC461 /* HeartRateViewController.m */; };
		A14F266D1AC95692002AC461 /* icon_4_sleep.png in Resources */ = {isa = PBXBuildFile; fileRef = A14F266C1AC95692002AC461 /* icon_4_sleep.png */; };
		A15C18061A7B1EDA00BC6AAE /* StepSetViewController.m in Sources */ = {isa = PBXBuildFile; fileRef = A15C18051A7B1EDA00BC6AAE /* StepSetViewController.m */; };
		A15C180A1A7B219000BC6AAE /* Utils.m in Sources */ = {isa = PBXBuildFile; fileRef = A15C18091A7B219000BC6AAE /* Utils.m */; };
		A167CC731A7A5B8D006A73C7 /* Main.storyboard in Resources */ = {isa = PBXBuildFile; fileRef = A167CC621A7A5B8D006A73C7 /* Main.storyboard */; };
		A167CC761A7A5B8D006A73C7 /* Main.strings in Resources */ = {isa = PBXBuildFile; fileRef = A167CC691A7A5B8D006A73C7 /* Main.strings */; };
		A167CC791A7A5B8D006A73C7 /* Main.strings in Resources */ = {isa = PBXBuildFile; fileRef = A167CC701A7A5B8D006A73C7 /* Main.strings */; };
		A167CC801A7A5C93006A73C7 /* heart_selected.png in Resources */ = {isa = PBXBuildFile; fileRef = A167CC7A1A7A5C93006A73C7 /* heart_selected.png */; };
		A167CC811A7A5C93006A73C7 /* heart_default.png in Resources */ = {isa = PBXBuildFile; fileRef = A167CC7B1A7A5C93006A73C7 /* heart_default.png */; };
		A167CC821A7A5C93006A73C7 /* alart_selected.png in Resources */ = {isa = PBXBuildFile; fileRef = A167CC7C1A7A5C93006A73C7 /* alart_selected.png */; };
		A167CC831A7A5C93006A73C7 /* alart_default.png in Resources */ = {isa = PBXBuildFile; fileRef = A167CC7D1A7A5C93006A73C7 /* alart_default.png */; };
		A167CC841A7A5C93006A73C7 /* step_selected.png in Resources */ = {isa = PBXBuildFile; fileRef = A167CC7E1A7A5C93006A73C7 /* step_selected.png */; };
		A167CC851A7A5C93006A73C7 /* step_default.png in Resources */ = {isa = PBXBuildFile; fileRef = A167CC7F1A7A5C93006A73C7 /* step_default.png */; };
		A17A5DD91AD7E1CC005A0D50 /* UUBar.m in Sources */ = {isa = PBXBuildFile; fileRef = A17A5DCE1AD7E1CC005A0D50 /* UUBar.m */; };
		A17A5DDA1AD7E1CC005A0D50 /* UUBarChart.m in Sources */ = {isa = PBXBuildFile; fileRef = A17A5DD01AD7E1CC005A0D50 /* UUBarChart.m */; };
		A17A5DDB1AD7E1CC005A0D50 /* UUChart.m in Sources */ = {isa = PBXBuildFile; fileRef = A17A5DD21AD7E1CC005A0D50 /* UUChart.m */; };
		A17A5DDC1AD7E1CC005A0D50 /* UUChartLabel.m in Sources */ = {isa = PBXBuildFile; fileRef = A17A5DD41AD7E1CC005A0D50 /* UUChartLabel.m */; };
		A17A5DDD1AD7E1CC005A0D50 /* UUColor.m in Sources */ = {isa = PBXBuildFile; fileRef = A17A5DD61AD7E1CC005A0D50 /* UUColor.m */; };
		A17A5DDE1AD7E1CC005A0D50 /* UULineChart.m in Sources */ = {isa = PBXBuildFile; fileRef = A17A5DD81AD7E1CC005A0D50 /* UULineChart.m */; };
		A19560F61AC53D1B0018A84B /* KDGoalBarPercentLayerSleep.m in Sources */ = {isa = PBXBuildFile; fileRef = A19560F31AC53D1B0018A84B /* KDGoalBarPercentLayerSleep.m */; };
		A19560F71AC53D1B0018A84B /* KDGoalBarSleep.m in Sources */ = {isa = PBXBuildFile; fileRef = A19560F51AC53D1B0018A84B /* KDGoalBarSleep.m */; };
		A19CFBC71A78FF9A0036ED06 /* libsqlite3.dylib in Frameworks */ = {isa = PBXBuildFile; fileRef = A19CFBC61A78FF9A0036ED06 /* libsqlite3.dylib */; };
		A19E71E11A77BE1A002E9A7C /* KDGoalBar.m in Sources */ = {isa = PBXBuildFile; fileRef = A19E71D31A77BE1A002E9A7C /* KDGoalBar.m */; };
		A19E71E21A77BE1A002E9A7C /* KDGoalBarPercentLayer.m in Sources */ = {isa = PBXBuildFile; fileRef = A19E71D51A77BE1A002E9A7C /* KDGoalBarPercentLayer.m */; };
		A19E71E31A77BE1A002E9A7C /* KDGoalBarPercentLayerThree.m in Sources */ = {isa = PBXBuildFile; fileRef = A19E71D71A77BE1A002E9A7C /* KDGoalBarPercentLayerThree.m */; };
		A19E71E41A77BE1A002E9A7C /* KDGoalBarPercentLayerTwo.m in Sources */ = {isa = PBXBuildFile; fileRef = A19E71D91A77BE1A002E9A7C /* KDGoalBarPercentLayerTwo.m */; };
		A19E71E51A77BE1A002E9A7C /* KDGoalBarThree.m in Sources */ = {isa = PBXBuildFile; fileRef = A19E71DB1A77BE1A002E9A7C /* KDGoalBarThree.m */; };
		A19E71E61A77BE1A002E9A7C /* KDGoalBarTwo.m in Sources */ = {isa = PBXBuildFile; fileRef = A19E71DD1A77BE1A002E9A7C /* KDGoalBarTwo.m */; };
		A19E71E71A77BE1A002E9A7C /* LWBLEManager.m in Sources */ = {isa = PBXBuildFile; fileRef = A19E71E01A77BE1A002E9A7C /* LWBLEManager.m */; };
		A19E71EB1A77BE4D002E9A7C /* CalViewController.m in Sources */ = {isa = PBXBuildFile; fileRef = A19E71E81A77BE4D002E9A7C /* CalViewController.m */; };
		A19E71EE1A77BF9F002E9A7C /* NavBar64Blue.png in Resources */ = {isa = PBXBuildFile; fileRef = A19E71ED1A77BF9F002E9A7C /* NavBar64Blue.png */; };
		CE50D6DC19C930B000FB7DBA /* Localizable.strings in Resources */ = {isa = PBXBuildFile; fileRef = CE50D6DE19C930B000FB7DBA /* Localizable.strings */; };
		CE50D6E319C9793000FB7DBA /* ScannedDeviceTableCell.xib in Resources */ = {isa = PBXBuildFile; fileRef = CE50D6E519C9793000FB7DBA /* ScannedDeviceTableCell.xib */; };
		CE50D6EA19C9796400FB7DBA /* ScanTopTableCell.xib in Resources */ = {isa = PBXBuildFile; fileRef = CE50D6EC19C9796400FB7DBA /* ScanTopTableCell.xib */; };
		D99F872219AC822A00A828EE /* Foundation.framework in Frameworks */ = {isa = PBXBuildFile; fileRef = D99F872119AC822A00A828EE /* Foundation.framework */; };
		D99F872419AC822A00A828EE /* CoreGraphics.framework in Frameworks */ = {isa = PBXBuildFile; fileRef = D99F872319AC822A00A828EE /* CoreGraphics.framework */; };
		D99F872619AC822A00A828EE /* UIKit.framework in Frameworks */ = {isa = PBXBuildFile; fileRef = D99F872519AC822A00A828EE /* UIKit.framework */; };
		D99F872C19AC822A00A828EE /* InfoPlist.strings in Resources */ = {isa = PBXBuildFile; fileRef = D99F872A19AC822A00A828EE /* InfoPlist.strings */; };
		D99F872E19AC822A00A828EE /* main.m in Sources */ = {isa = PBXBuildFile; fileRef = D99F872D19AC822A00A828EE /* main.m */; };
		D99F873219AC822A00A828EE /* MtkAppDelegate.m in Sources */ = {isa = PBXBuildFile; fileRef = D99F873119AC822A00A828EE /* MtkAppDelegate.m */; };
		D99F873819AC822A00A828EE /* MtkViewController.m in Sources */ = {isa = PBXBuildFile; fileRef = D99F873719AC822A00A828EE /* MtkViewController.m */; };
		D99F873A19AC822A00A828EE /* Images.xcassets in Resources */ = {isa = PBXBuildFile; fileRef = D99F873919AC822A00A828EE /* Images.xcassets */; };
		D99F874119AC822A00A828EE /* XCTest.framework in Frameworks */ = {isa = PBXBuildFile; fileRef = D99F874019AC822A00A828EE /* XCTest.framework */; };
		D99F874219AC822A00A828EE /* Foundation.framework in Frameworks */ = {isa = PBXBuildFile; fileRef = D99F872119AC822A00A828EE /* Foundation.framework */; };
		D99F874319AC822A00A828EE /* UIKit.framework in Frameworks */ = {isa = PBXBuildFile; fileRef = D99F872519AC822A00A828EE /* UIKit.framework */; };
		D99F874B19AC822A00A828EE /* InfoPlist.strings in Resources */ = {isa = PBXBuildFile; fileRef = D99F874919AC822A00A828EE /* InfoPlist.strings */; };
		D99F874D19AC822A00A828EE /* Mediatek_SmartDeviceTests.m in Sources */ = {isa = PBXBuildFile; fileRef = D99F874C19AC822A00A828EE /* Mediatek_SmartDeviceTests.m */; };
		D99F876A19AC842700A828EE /* Alarm.mp3 in Resources */ = {isa = PBXBuildFile; fileRef = D99F875719AC842700A828EE /* Alarm.mp3 */; };
		D99F876B19AC842700A828EE /* BLE_Launch_320X480.png in Resources */ = {isa = PBXBuildFile; fileRef = D99F875819AC842700A828EE /* BLE_Launch_320X480.png */; };
		D99F876C19AC842700A828EE /* BLE_Launch_640X960.png in Resources */ = {isa = PBXBuildFile; fileRef = D99F875919AC842700A828EE /* BLE_Launch_640X960.png */; };
		D99F876D19AC842700A828EE /* BLE_Launch_640X1136.png in Resources */ = {isa = PBXBuildFile; fileRef = D99F875A19AC842700A828EE /* BLE_Launch_640X1136.png */; };
		D99F876E19AC842700A828EE /* ic_add_device.png in Resources */ = {isa = PBXBuildFile; fileRef = D99F875B19AC842700A828EE /* ic_add_device.png */; };
		D99F876F19AC842700A828EE /* ic_alert_list.png in Resources */ = {isa = PBXBuildFile; fileRef = D99F875C19AC842700A828EE /* ic_alert_list.png */; };
		D99F877019AC842700A828EE /* ic_BLE_Launcher_58X58.png in Resources */ = {isa = PBXBuildFile; fileRef = D99F875D19AC842700A828EE /* ic_BLE_Launcher_58X58.png */; };
		D99F877119AC842700A828EE /* ic_BLE_Launcher_80X80.png in Resources */ = {isa = PBXBuildFile; fileRef = D99F875E19AC842700A828EE /* ic_BLE_Launcher_80X80.png */; };
		D99F877219AC842700A828EE /* ic_BLE_Launcher_120X120.png in Resources */ = {isa = PBXBuildFile; fileRef = D99F875F19AC842700A828EE /* ic_BLE_Launcher_120X120.png */; };
		D99F877319AC842700A828EE /* ic_device.png in Resources */ = {isa = PBXBuildFile; fileRef = D99F876019AC842700A828EE /* ic_device.png */; };
		D99F877419AC842700A828EE /* ic_ringing.png in Resources */ = {isa = PBXBuildFile; fileRef = D99F876119AC842700A828EE /* ic_ringing.png */; };
		D99F877519AC842700A828EE /* ic_ringing2.png in Resources */ = {isa = PBXBuildFile; fileRef = D99F876219AC842700A828EE /* ic_ringing2.png */; };
		D99F877619AC842700A828EE /* ic_search_device.png in Resources */ = {isa = PBXBuildFile; fileRef = D99F876319AC842700A828EE /* ic_search_device.png */; };
		D99F877719AC842700A828EE /* ic_signal_0.png in Resources */ = {isa = PBXBuildFile; fileRef = D99F876419AC842700A828EE /* ic_signal_0.png */; };
		D99F877819AC842700A828EE /* ic_signal_1.png in Resources */ = {isa = PBXBuildFile; fileRef = D99F876519AC842700A828EE /* ic_signal_1.png */; };
		D99F877919AC842700A828EE /* ic_signal_2.png in Resources */ = {isa = PBXBuildFile; fileRef = D99F876619AC842700A828EE /* ic_signal_2.png */; };
		D99F877A19AC842700A828EE /* ic_signal_3.png in Resources */ = {isa = PBXBuildFile; fileRef = D99F876719AC842700A828EE /* ic_signal_3.png */; };
		D99F877B19AC842700A828EE /* ic_signal_4.png in Resources */ = {isa = PBXBuildFile; fileRef = D99F876819AC842700A828EE /* ic_signal_4.png */; };
		D99F877C19AC842700A828EE /* sample.m4a in Resources */ = {isa = PBXBuildFile; fileRef = D99F876919AC842700A828EE /* sample.m4a */; };
		D99F879719AC9DFF00A828EE /* BLEManagerModel.xcdatamodeld in Sources */ = {isa = PBXBuildFile; fileRef = D99F878D19AC9DFF00A828EE /* BLEManagerModel.xcdatamodeld */; };
		D99F879819AC9DFF00A828EE /* CachedBLEDevice.m in Sources */ = {isa = PBXBuildFile; fileRef = D99F879019AC9DFF00A828EE /* CachedBLEDevice.m */; };
		D99F879919AC9DFF00A828EE /* DeviceInfo.m in Sources */ = {isa = PBXBuildFile; fileRef = D99F879219AC9DFF00A828EE /* DeviceInfo.m */; };
		D99F879A19AC9DFF00A828EE /* DeviceParameter.m in Sources */ = {isa = PBXBuildFile; fileRef = D99F879419AC9DFF00A828EE /* DeviceParameter.m */; };
		D99F879B19AC9DFF00A828EE /* MTKDeviceParameterRecorder.m in Sources */ = {isa = PBXBuildFile; fileRef = D99F879619AC9DFF00A828EE /* MTKDeviceParameterRecorder.m */; };
		D99F87A519AC9E0800A828EE /* BackgroundManager.m in Sources */ = {isa = PBXBuildFile; fileRef = D99F879D19AC9E0800A828EE /* BackgroundManager.m */; };
		D99F87A819AC9E0800A828EE /* PhoneRinger.m in Sources */ = {isa = PBXBuildFile; fileRef = D99F87A419AC9E0800A828EE /* PhoneRinger.m */; };
		D99F87C619AC9E1300A828EE /* DeviceManagerTableViewController.m in Sources */ = {isa = PBXBuildFile; fileRef = D99F87AA19AC9E1300A828EE /* DeviceManagerTableViewController.m */; };
		D99F87C819AC9E1300A828EE /* MainTableViewController.m in Sources */ = {isa = PBXBuildFile; fileRef = D99F87AE19AC9E1300A828EE /* MainTableViewController.m */; };
		D99F87CA19AC9E1300A828EE /* PxpConfigTableViewController.m in Sources */ = {isa = PBXBuildFile; fileRef = D99F87B219AC9E1300A828EE /* PxpConfigTableViewController.m */; };
		D99F87CC19AC9E1300A828EE /* PxpRangeChooserTableViewController.m in Sources */ = {isa = PBXBuildFile; fileRef = D99F87B619AC9E1300A828EE /* PxpRangeChooserTableViewController.m */; };
		D99F87CE19AC9E1300A828EE /* PxpWhenChooserTableViewController.m in Sources */ = {isa = PBXBuildFile; fileRef = D99F87BA19AC9E1300A828EE /* PxpWhenChooserTableViewController.m */; };
		D99F87D119AC9E1300A828EE /* ScannedDeviceTableCell.m in Sources */ = {isa = PBXBuildFile; fileRef = D99F87C019AC9E1300A828EE /* ScannedDeviceTableCell.m */; };
		D99F87D319AC9E1300A828EE /* ScanTableViewController.m in Sources */ = {isa = PBXBuildFile; fileRef = D99F87C319AC9E1300A828EE /* ScanTableViewController.m */; };
		D99F87DC19ACAEED00A828EE /* ScanTopTableCell.m in Sources */ = {isa = PBXBuildFile; fileRef = D99F87DA19ACAEED00A828EE /* ScanTopTableCell.m */; };
		D9A3951419B0149700B2ED46 /* ic_Launch_Image_320x480.png in Resources */ = {isa = PBXBuildFile; fileRef = D9A3951119B0149700B2ED46 /* ic_Launch_Image_320x480.png */; };
		D9A3951519B0149700B2ED46 /* ic_Launch_Image_640x960.png in Resources */ = {isa = PBXBuildFile; fileRef = D9A3951219B0149700B2ED46 /* ic_Launch_Image_640x960.png */; };
		D9A3951619B0149700B2ED46 /* ic_Launch_Image_640x1136.png in Resources */ = {isa = PBXBuildFile; fileRef = D9A3951319B0149700B2ED46 /* ic_Launch_Image_640x1136.png */; };
		EA7E035B1B4CD35C000EC94D /* ic_call_320x480.png in Resources */ = {isa = PBXBuildFile; fileRef = EA7E03571B4CD35C000EC94D /* ic_call_320x480.png */; };
		EA7E035C1B4CD35C000EC94D /* ic_call_640x1136.png in Resources */ = {isa = PBXBuildFile; fileRef = EA7E03581B4CD35C000EC94D /* ic_call_640x1136.png */; };
		EA7E035D1B4CD35C000EC94D /* ic_heart_list_22x22.png in Resources */ = {isa = PBXBuildFile; fileRef = EA7E03591B4CD35C000EC94D /* ic_heart_list_22x22.png */; };
		EA7E035E1B4CD35C000EC94D /* ic_heart_list_44x44.png in Resources */ = {isa = PBXBuildFile; fileRef = EA7E035A1B4CD35C000EC94D /* ic_heart_list_44x44.png */; };
		EA7E03611B4CF376000EC94D /* HealthDataMgrTableViewController.m in Sources */ = {isa = PBXBuildFile; fileRef = EA7E03601B4CF376000EC94D /* HealthDataMgrTableViewController.m */; };
		EA7E03701B4CF3BB000EC94D /* SOSCallDataManager.m in Sources */ = {isa = PBXBuildFile; fileRef = EA7E036F1B4CF3BB000EC94D /* SOSCallDataManager.m */; };
		EA7E03711B4D0301000EC94D /* HealthKitManager.h in Sources */ = {isa = PBXBuildFile; fileRef = EA7E036D1B4CF39E000EC94D /* HealthKitManager.h */; };
		EA7E03721B4D094A000EC94D /* Controller.h in Sources */ = {isa = PBXBuildFile; fileRef = EA7E03621B4CF39E000EC94D /* Controller.h */; };
		EA7E03731B4D094A000EC94D /* PdmsSleepService.h in Sources */ = {isa = PBXBuildFile; fileRef = EA7E03631B4CF39E000EC94D /* PdmsSleepService.h */; };
		EA7E03741B4D094A000EC94D /* BLEClientProfile.h in Sources */ = {isa = PBXBuildFile; fileRef = EA7E03641B4CF39E000EC94D /* BLEClientProfile.h */; };
		EA7E03751B4D094A000EC94D /* FmpGattClient.h in Sources */ = {isa = PBXBuildFile; fileRef = EA7E03651B4CF39E000EC94D /* FmpGattClient.h */; };
		EA7E03761B4D094A000EC94D /* Linker.h in Sources */ = {isa = PBXBuildFile; fileRef = EA7E03661B4CF39E000EC94D /* Linker.h */; };
		EA7E03771B4D094A000EC94D /* BodyTemperatureService.h in Sources */ = {isa = PBXBuildFile; fileRef = EA7E03671B4CF39E000EC94D /* BodyTemperatureService.h */; };
		EA7E03781B4D094A000EC94D /* GATTLinker.h in Sources */ = {isa = PBXBuildFile; fileRef = EA7E03681B4CF39E000EC94D /* GATTLinker.h */; };
		EA7E03791B4D094A000EC94D /* SOSCallOperator.h in Sources */ = {isa = PBXBuildFile; fileRef = EA7E03691B4CF39E000EC94D /* SOSCallOperator.h */; };
		EA7E037A1B4D094A000EC94D /* SOSContact.h in Sources */ = {isa = PBXBuildFile; fileRef = EA7E036A1B4CF39E000EC94D /* SOSContact.h */; };
		EA7E037B1B4D094A000EC94D /* BloodPressureService.h in Sources */ = {isa = PBXBuildFile; fileRef = EA7E036B1B4CF39E000EC94D /* BloodPressureService.h */; };
		EA7E037C1B4D094A000EC94D /* DataParser.h in Sources */ = {isa = PBXBuildFile; fileRef = EA7E036C1B4CF39E000EC94D /* DataParser.h */; };
		EA7E037D1B4D094A000EC94D /* DefaultAlert.h in Sources */ = {isa = PBXBuildFile; fileRef = CE9BCF0519BAE0F10009400B /* DefaultAlert.h */; };
		EA7E037E1B4D094A000EC94D /* MTKBlePeripheralManager.h in Sources */ = {isa = PBXBuildFile; fileRef = CE9BCF0619BAE0F10009400B /* MTKBlePeripheralManager.h */; };
		EA7E037F1B4D094A000EC94D /* VolumeController.h in Sources */ = {isa = PBXBuildFile; fileRef = CE9BCF0719BAE0F10009400B /* VolumeController.h */; };
		EA7E03801B4D094A000EC94D /* IAlert.h in Sources */ = {isa = PBXBuildFile; fileRef = CE9BCEF619BAB2590009400B /* IAlert.h */; };
		EA7E03811B4D094A000EC94D /* AlertService.h in Sources */ = {isa = PBXBuildFile; fileRef = CE1703E119B6B77C002EF7BA /* AlertService.h */; };
		EA7E03821B4D094A000EC94D /* FmpCentral.h in Sources */ = {isa = PBXBuildFile; fileRef = CE1703E219B6B77C002EF7BA /* FmpCentral.h */; };
		EA7E03831B4D094A000EC94D /* MTKBleProximityService.h in Sources */ = {isa = PBXBuildFile; fileRef = CE1703DF19B6B609002EF7BA /* MTKBleProximityService.h */; };
		EA7E03841B4D094A000EC94D /* MTKBleManager.h in Sources */ = {isa = PBXBuildFile; fileRef = CE1703DE19B6B5D8002EF7BA /* MTKBleManager.h */; };
		EA7E03851B4D0959000EC94D /* SOSCallDataManager.h in Sources */ = {isa = PBXBuildFile; fileRef = EA7E036E1B4CF3BB000EC94D /* SOSCallDataManager.h */; };
		EA7E03861B4D097C000EC94D /* HealthDataMgrTableViewController.h in Sources */ = {isa = PBXBuildFile; fileRef = EA7E035F1B4CF376000EC94D /* HealthDataMgrTableViewController.h */; };
		EA7E03881B4D0DFC000EC94D /* libMTKBleManager.a in Frameworks */ = {isa = PBXBuildFile; fileRef = EA7E03871B4D0DFC000EC94D /* libMTKBleManager.a */; };
/* End PBXBuildFile section */

/* Begin PBXContainerItemProxy section */
		D99F874419AC822A00A828EE /* PBXContainerItemProxy */ = {
			isa = PBXContainerItemProxy;
			containerPortal = D99F871619AC822A00A828EE /* Project object */;
			proxyType = 1;
			remoteGlobalIDString = D99F871D19AC822A00A828EE;
			remoteInfo = "Mediatek SmartDevice";
		};
/* End PBXContainerItemProxy section */

/* Begin PBXFileReference section */
		A14637DD1A88BC6200624F81 /* TabBarViewController.h */ = {isa = PBXFileReference; fileEncoding = 4; lastKnownFileType = sourcecode.c.h; name = TabBarViewController.h; path = UI/TabBarViewController.h; sourceTree = "<group>"; };
		A14637DE1A88BC6200624F81 /* TabBarViewController.m */ = {isa = PBXFileReference; fileEncoding = 4; lastKnownFileType = sourcecode.c.objc; name = TabBarViewController.m; path = UI/TabBarViewController.m; sourceTree = "<group>"; };
		A14A85D71ACABAE900E25AE4 /* NALLabelsMatrix.h */ = {isa = PBXFileReference; fileEncoding = 4; lastKnownFileType = sourcecode.c.h; path = NALLabelsMatrix.h; sourceTree = "<group>"; };
		A14A85D81ACABAE900E25AE4 /* NALLabelsMatrix.m */ = {isa = PBXFileReference; fileEncoding = 4; lastKnownFileType = sourcecode.c.objc; path = NALLabelsMatrix.m; sourceTree = "<group>"; };
		A14B65BB1A7CDFFA00566E4B /* icon_09.png */ = {isa = PBXFileReference; lastKnownFileType = image.png; name = icon_09.png; path = Resource/icon_09.png; sourceTree = "<group>"; };
		A14B65BC1A7CDFFA00566E4B /* icon_10.png */ = {isa = PBXFileReference; lastKnownFileType = image.png; name = icon_10.png; path = Resource/icon_10.png; sourceTree = "<group>"; };
		A14B65BD1A7CDFFA00566E4B /* icon_12.png */ = {isa = PBXFileReference; lastKnownFileType = image.png; name = icon_12.png; path = Resource/icon_12.png; sourceTree = "<group>"; };
		A14C9CDD1AC6B4740039509D /* es */ = {isa = PBXFileReference; lastKnownFileType = text.plist.strings; name = es; path = es.lproj/ScannedDeviceTableCell.strings; sourceTree = "<group>"; };
		A14C9CDE1AC6B4740039509D /* es */ = {isa = PBXFileReference; lastKnownFileType = text.plist.strings; name = es; path = es.lproj/ScanTopTableCell.strings; sourceTree = "<group>"; };
		A14C9CE21AC6B48F0039509D /* es */ = {isa = PBXFileReference; lastKnownFileType = text.plist.strings; name = es; path = es.lproj/Main.strings; sourceTree = "<group>"; };
		A14C9CE51AC6B4920039509D /* es */ = {isa = PBXFileReference; lastKnownFileType = text.plist.strings; name = es; path = es.lproj/Main.strings; sourceTree = "<group>"; };
		A14C9CE61AC6B4930039509D /* es */ = {isa = PBXFileReference; lastKnownFileType = text.plist.strings; name = es; path = es.lproj/InfoPlist.strings; sourceTree = "<group>"; };
		A14C9CE71AC6B4940039509D /* es */ = {isa = PBXFileReference; lastKnownFileType = text.plist.strings; name = es; path = es.lproj/Localizable.strings; sourceTree = "<group>"; };
		A14C9CE81AC6B4950039509D /* es */ = {isa = PBXFileReference; lastKnownFileType = text.plist.strings; name = es; path = es.lproj/InfoPlist.strings; sourceTree = "<group>"; };
		A14F26661AC93D91002AC461 /* SleepViewController.h */ = {isa = PBXFileReference; fileEncoding = 4; lastKnownFileType = sourcecode.c.h; name = SleepViewController.h; path = UI/SleepViewController.h; sourceTree = "<group>"; };
		A14F26671AC93D91002AC461 /* SleepViewController.m */ = {isa = PBXFileReference; fileEncoding = 4; lastKnownFileType = sourcecode.c.objc; name = SleepViewController.m; path = UI/SleepViewController.m; sourceTree = "<group>"; };
		A14F26691AC942A7002AC461 /* HeartRateViewController.h */ = {isa = PBXFileReference; fileEncoding = 4; lastKnownFileType = sourcecode.c.h; name = HeartRateViewController.h; path = UI/HeartRateViewController.h; sourceTree = "<group>"; };
		A14F266A1AC942A7002AC461 /* HeartRateViewController.m */ = {isa = PBXFileReference; fileEncoding = 4; lastKnownFileType = sourcecode.c.objc; name = HeartRateViewController.m; path = UI/HeartRateViewController.m; sourceTree = "<group>"; };
		A14F266C1AC95692002AC461 /* icon_4_sleep.png */ = {isa = PBXFileReference; lastKnownFileType = image.png; name = icon_4_sleep.png; path = Resource/icon_4_sleep.png; sourceTree = "<group>"; };
		A15C18041A7B1EDA00BC6AAE /* StepSetViewController.h */ = {isa = PBXFileReference; fileEncoding = 4; lastKnownFileType = sourcecode.c.h; name = StepSetViewController.h; path = UI/StepSetViewController.h; sourceTree = "<group>"; };
		A15C18051A7B1EDA00BC6AAE /* StepSetViewController.m */ = {isa = PBXFileReference; fileEncoding = 4; lastKnownFileType = sourcecode.c.objc; name = StepSetViewController.m; path = UI/StepSetViewController.m; sourceTree = "<group>"; };
		A15C18081A7B219000BC6AAE /* Utils.h */ = {isa = PBXFileReference; fileEncoding = 4; lastKnownFileType = sourcecode.c.h; path = Utils.h; sourceTree = "<group>"; };
		A15C18091A7B219000BC6AAE /* Utils.m */ = {isa = PBXFileReference; fileEncoding = 4; lastKnownFileType = sourcecode.c.objc; path = Utils.m; sourceTree = "<group>"; };
		A167CC631A7A5B8D006A73C7 /* Base */ = {isa = PBXFileReference; lastKnownFileType = file.storyboard; name = Base; path = Main.storyboard; sourceTree = "<group>"; };
		A167CC6A1A7A5B8D006A73C7 /* zh-Hans */ = {isa = PBXFileReference; lastKnownFileType = text.plist.strings; name = "zh-Hans"; path = Main.strings; sourceTree = "<group>"; };
		A167CC711A7A5B8D006A73C7 /* en */ = {isa = PBXFileReference; lastKnownFileType = text.plist.strings; name = en; path = Main.strings; sourceTree = "<group>"; };
		A167CC7A1A7A5C93006A73C7 /* heart_selected.png */ = {isa = PBXFileReference; lastKnownFileType = image.png; name = heart_selected.png; path = Resource/heart_selected.png; sourceTree = "<group>"; };
		A167CC7B1A7A5C93006A73C7 /* heart_default.png */ = {isa = PBXFileReference; lastKnownFileType = image.png; name = heart_default.png; path = Resource/heart_default.png; sourceTree = "<group>"; };
		A167CC7C1A7A5C93006A73C7 /* alart_selected.png */ = {isa = PBXFileReference; lastKnownFileType = image.png; name = alart_selected.png; path = Resource/alart_selected.png; sourceTree = "<group>"; };
		A167CC7D1A7A5C93006A73C7 /* alart_default.png */ = {isa = PBXFileReference; lastKnownFileType = image.png; name = alart_default.png; path = Resource/alart_default.png; sourceTree = "<group>"; };
		A167CC7E1A7A5C93006A73C7 /* step_selected.png */ = {isa = PBXFileReference; lastKnownFileType = image.png; name = step_selected.png; path = Resource/step_selected.png; sourceTree = "<group>"; };
		A167CC7F1A7A5C93006A73C7 /* step_default.png */ = {isa = PBXFileReference; lastKnownFileType = image.png; name = step_default.png; path = Resource/step_default.png; sourceTree = "<group>"; };
		A17A5DCD1AD7E1CC005A0D50 /* UUBar.h */ = {isa = PBXFileReference; fileEncoding = 4; lastKnownFileType = sourcecode.c.h; path = UUBar.h; sourceTree = "<group>"; };
		A17A5DCE1AD7E1CC005A0D50 /* UUBar.m */ = {isa = PBXFileReference; fileEncoding = 4; lastKnownFileType = sourcecode.c.objc; path = UUBar.m; sourceTree = "<group>"; };
		A17A5DCF1AD7E1CC005A0D50 /* UUBarChart.h */ = {isa = PBXFileReference; fileEncoding = 4; lastKnownFileType = sourcecode.c.h; path = UUBarChart.h; sourceTree = "<group>"; };
		A17A5DD01AD7E1CC005A0D50 /* UUBarChart.m */ = {isa = PBXFileReference; fileEncoding = 4; lastKnownFileType = sourcecode.c.objc; path = UUBarChart.m; sourceTree = "<group>"; };
		A17A5DD11AD7E1CC005A0D50 /* UUChart.h */ = {isa = PBXFileReference; fileEncoding = 4; lastKnownFileType = sourcecode.c.h; path = UUChart.h; sourceTree = "<group>"; };
		A17A5DD21AD7E1CC005A0D50 /* UUChart.m */ = {isa = PBXFileReference; fileEncoding = 4; lastKnownFileType = sourcecode.c.objc; path = UUChart.m; sourceTree = "<group>"; };
		A17A5DD31AD7E1CC005A0D50 /* UUChartLabel.h */ = {isa = PBXFileReference; fileEncoding = 4; lastKnownFileType = sourcecode.c.h; path = UUChartLabel.h; sourceTree = "<group>"; };
		A17A5DD41AD7E1CC005A0D50 /* UUChartLabel.m */ = {isa = PBXFileReference; fileEncoding = 4; lastKnownFileType = sourcecode.c.objc; path = UUChartLabel.m; sourceTree = "<group>"; };
		A17A5DD51AD7E1CC005A0D50 /* UUColor.h */ = {isa = PBXFileReference; fileEncoding = 4; lastKnownFileType = sourcecode.c.h; path = UUColor.h; sourceTree = "<group>"; };
		A17A5DD61AD7E1CC005A0D50 /* UUColor.m */ = {isa = PBXFileReference; fileEncoding = 4; lastKnownFileType = sourcecode.c.objc; path = UUColor.m; sourceTree = "<group>"; };
		A17A5DD71AD7E1CC005A0D50 /* UULineChart.h */ = {isa = PBXFileReference; fileEncoding = 4; lastKnownFileType = sourcecode.c.h; path = UULineChart.h; sourceTree = "<group>"; };
		A17A5DD81AD7E1CC005A0D50 /* UULineChart.m */ = {isa = PBXFileReference; fileEncoding = 4; lastKnownFileType = sourcecode.c.objc; path = UULineChart.m; sourceTree = "<group>"; };
		A19560F21AC53D1B0018A84B /* KDGoalBarPercentLayerSleep.h */ = {isa = PBXFileReference; fileEncoding = 4; lastKnownFileType = sourcecode.c.h; path = KDGoalBarPercentLayerSleep.h; sourceTree = "<group>"; };
		A19560F31AC53D1B0018A84B /* KDGoalBarPercentLayerSleep.m */ = {isa = PBXFileReference; fileEncoding = 4; lastKnownFileType = sourcecode.c.objc; path = KDGoalBarPercentLayerSleep.m; sourceTree = "<group>"; };
		A19560F41AC53D1B0018A84B /* KDGoalBarSleep.h */ = {isa = PBXFileReference; fileEncoding = 4; lastKnownFileType = sourcecode.c.h; path = KDGoalBarSleep.h; sourceTree = "<group>"; };
		A19560F51AC53D1B0018A84B /* KDGoalBarSleep.m */ = {isa = PBXFileReference; fileEncoding = 4; lastKnownFileType = sourcecode.c.objc; path = KDGoalBarSleep.m; sourceTree = "<group>"; };
		A19CFBC61A78FF9A0036ED06 /* libsqlite3.dylib */ = {isa = PBXFileReference; lastKnownFileType = "compiled.mach-o.dylib"; name = libsqlite3.dylib; path = usr/lib/libsqlite3.dylib; sourceTree = SDKROOT; };
		A19E71D21A77BE1A002E9A7C /* KDGoalBar.h */ = {isa = PBXFileReference; fileEncoding = 4; lastKnownFileType = sourcecode.c.h; path = KDGoalBar.h; sourceTree = "<group>"; };
		A19E71D31A77BE1A002E9A7C /* KDGoalBar.m */ = {isa = PBXFileReference; fileEncoding = 4; lastKnownFileType = sourcecode.c.objc; path = KDGoalBar.m; sourceTree = "<group>"; };
		A19E71D41A77BE1A002E9A7C /* KDGoalBarPercentLayer.h */ = {isa = PBXFileReference; fileEncoding = 4; lastKnownFileType = sourcecode.c.h; path = KDGoalBarPercentLayer.h; sourceTree = "<group>"; };
		A19E71D51A77BE1A002E9A7C /* KDGoalBarPercentLayer.m */ = {isa = PBXFileReference; fileEncoding = 4; lastKnownFileType = sourcecode.c.objc; path = KDGoalBarPercentLayer.m; sourceTree = "<group>"; };
		A19E71D61A77BE1A002E9A7C /* KDGoalBarPercentLayerThree.h */ = {isa = PBXFileReference; fileEncoding = 4; lastKnownFileType = sourcecode.c.h; path = KDGoalBarPercentLayerThree.h; sourceTree = "<group>"; };
		A19E71D71A77BE1A002E9A7C /* KDGoalBarPercentLayerThree.m */ = {isa = PBXFileReference; fileEncoding = 4; lastKnownFileType = sourcecode.c.objc; path = KDGoalBarPercentLayerThree.m; sourceTree = "<group>"; };
		A19E71D81A77BE1A002E9A7C /* KDGoalBarPercentLayerTwo.h */ = {isa = PBXFileReference; fileEncoding = 4; lastKnownFileType = sourcecode.c.h; path = KDGoalBarPercentLayerTwo.h; sourceTree = "<group>"; };
		A19E71D91A77BE1A002E9A7C /* KDGoalBarPercentLayerTwo.m */ = {isa = PBXFileReference; fileEncoding = 4; lastKnownFileType = sourcecode.c.objc; path = KDGoalBarPercentLayerTwo.m; sourceTree = "<group>"; };
		A19E71DA1A77BE1A002E9A7C /* KDGoalBarThree.h */ = {isa = PBXFileReference; fileEncoding = 4; lastKnownFileType = sourcecode.c.h; path = KDGoalBarThree.h; sourceTree = "<group>"; };
		A19E71DB1A77BE1A002E9A7C /* KDGoalBarThree.m */ = {isa = PBXFileReference; fileEncoding = 4; lastKnownFileType = sourcecode.c.objc; path = KDGoalBarThree.m; sourceTree = "<group>"; };
		A19E71DC1A77BE1A002E9A7C /* KDGoalBarTwo.h */ = {isa = PBXFileReference; fileEncoding = 4; lastKnownFileType = sourcecode.c.h; path = KDGoalBarTwo.h; sourceTree = "<group>"; };
		A19E71DD1A77BE1A002E9A7C /* KDGoalBarTwo.m */ = {isa = PBXFileReference; fileEncoding = 4; lastKnownFileType = sourcecode.c.objc; path = KDGoalBarTwo.m; sourceTree = "<group>"; };
		A19E71DF1A77BE1A002E9A7C /* LWBLEManager.h */ = {isa = PBXFileReference; fileEncoding = 4; lastKnownFileType = sourcecode.c.h; path = LWBLEManager.h; sourceTree = "<group>"; };
		A19E71E01A77BE1A002E9A7C /* LWBLEManager.m */ = {isa = PBXFileReference; fileEncoding = 4; lastKnownFileType = sourcecode.c.objc; path = LWBLEManager.m; sourceTree = "<group>"; };
		A19E71E81A77BE4D002E9A7C /* CalViewController.m */ = {isa = PBXFileReference; fileEncoding = 4; lastKnownFileType = sourcecode.c.objc; lineEnding = 0; name = CalViewController.m; path = UI/CalViewController.m; sourceTree = "<group>"; };
		A19E71E91A77BE4D002E9A7C /* CalViewController.h */ = {isa = PBXFileReference; fileEncoding = 4; lastKnownFileType = sourcecode.c.h; name = CalViewController.h; path = UI/CalViewController.h; sourceTree = "<group>"; };
		A19E71ED1A77BF9F002E9A7C /* NavBar64Blue.png */ = {isa = PBXFileReference; lastKnownFileType = image.png; name = NavBar64Blue.png; path = Resource/NavBar64Blue.png; sourceTree = "<group>"; };
		CE1703DE19B6B5D8002EF7BA /* MTKBleManager.h */ = {isa = PBXFileReference; fileEncoding = 4; lastKnownFileType = sourcecode.c.h; name = MTKBleManager.h; path = include/MTKBleManager.h; sourceTree = "<group>"; };
		CE1703DF19B6B609002EF7BA /* MTKBleProximityService.h */ = {isa = PBXFileReference; fileEncoding = 4; lastKnownFileType = sourcecode.c.h; name = MTKBleProximityService.h; path = include/MTKBleProximityService.h; sourceTree = "<group>"; };
		CE1703E119B6B77C002EF7BA /* AlertService.h */ = {isa = PBXFileReference; fileEncoding = 4; lastKnownFileType = sourcecode.c.h; name = AlertService.h; path = include/AlertService.h; sourceTree = "<group>"; };
		CE1703E219B6B77C002EF7BA /* FmpCentral.h */ = {isa = PBXFileReference; fileEncoding = 4; lastKnownFileType = sourcecode.c.h; name = FmpCentral.h; path = include/FmpCentral.h; sourceTree = "<group>"; };
		CE50D6D719C92FC700FB7DBA /* zh-Hans */ = {isa = PBXFileReference; lastKnownFileType = text.plist.strings; name = "zh-Hans"; path = "zh-Hans.lproj/InfoPlist.strings"; sourceTree = "<group>"; };
		CE50D6D819C92FC700FB7DBA /* zh-Hans */ = {isa = PBXFileReference; lastKnownFileType = text.plist.strings; name = "zh-Hans"; path = "zh-Hans.lproj/InfoPlist.strings"; sourceTree = "<group>"; };
		CE50D6DD19C930B000FB7DBA /* Base */ = {isa = PBXFileReference; lastKnownFileType = text.plist.strings; name = Base; path = Base.lproj/Localizable.strings; sourceTree = "<group>"; };
		CE50D6DF19C930B500FB7DBA /* en */ = {isa = PBXFileReference; lastKnownFileType = text.plist.strings; name = en; path = en.lproj/Localizable.strings; sourceTree = "<group>"; };
		CE50D6E019C930B600FB7DBA /* zh-Hans */ = {isa = PBXFileReference; lastKnownFileType = text.plist.strings; name = "zh-Hans"; path = "zh-Hans.lproj/Localizable.strings"; sourceTree = "<group>"; };
		CE50D6E419C9793000FB7DBA /* Base */ = {isa = PBXFileReference; lastKnownFileType = file.xib; name = Base; path = Base.lproj/ScannedDeviceTableCell.xib; sourceTree = "<group>"; };
		CE50D6E719C9793B00FB7DBA /* en */ = {isa = PBXFileReference; lastKnownFileType = text.plist.strings; name = en; path = en.lproj/ScannedDeviceTableCell.strings; sourceTree = "<group>"; };
		CE50D6E919C9794000FB7DBA /* zh-Hans */ = {isa = PBXFileReference; lastKnownFileType = text.plist.strings; name = "zh-Hans"; path = "zh-Hans.lproj/ScannedDeviceTableCell.strings"; sourceTree = "<group>"; };
		CE50D6EB19C9796400FB7DBA /* Base */ = {isa = PBXFileReference; lastKnownFileType = file.xib; name = Base; path = Base.lproj/ScanTopTableCell.xib; sourceTree = "<group>"; };
		CE50D6EE19C9797600FB7DBA /* en */ = {isa = PBXFileReference; lastKnownFileType = text.plist.strings; name = en; path = en.lproj/ScanTopTableCell.strings; sourceTree = "<group>"; };
		CE50D6F019C9797700FB7DBA /* zh-Hans */ = {isa = PBXFileReference; lastKnownFileType = text.plist.strings; name = "zh-Hans"; path = "zh-Hans.lproj/ScanTopTableCell.strings"; sourceTree = "<group>"; };
		CE9BCEF619BAB2590009400B /* IAlert.h */ = {isa = PBXFileReference; fileEncoding = 4; lastKnownFileType = sourcecode.c.h; name = IAlert.h; path = include/IAlert.h; sourceTree = "<group>"; };
		CE9BCF0519BAE0F10009400B /* DefaultAlert.h */ = {isa = PBXFileReference; fileEncoding = 4; lastKnownFileType = sourcecode.c.h; name = DefaultAlert.h; path = include/DefaultAlert.h; sourceTree = "<group>"; };
		CE9BCF0619BAE0F10009400B /* MTKBlePeripheralManager.h */ = {isa = PBXFileReference; fileEncoding = 4; lastKnownFileType = sourcecode.c.h; name = MTKBlePeripheralManager.h; path = include/MTKBlePeripheralManager.h; sourceTree = "<group>"; };
		CE9BCF0719BAE0F10009400B /* VolumeController.h */ = {isa = PBXFileReference; fileEncoding = 4; lastKnownFileType = sourcecode.c.h; name = VolumeController.h; path = include/VolumeController.h; sourceTree = "<group>"; };
		D99F871E19AC822A00A828EE /* Smart Watch.app */ = {isa = PBXFileReference; explicitFileType = wrapper.application; includeInIndex = 0; path = "Smart Watch.app"; sourceTree = BUILT_PRODUCTS_DIR; };
		D99F872119AC822A00A828EE /* Foundation.framework */ = {isa = PBXFileReference; lastKnownFileType = wrapper.framework; name = Foundation.framework; path = System/Library/Frameworks/Foundation.framework; sourceTree = SDKROOT; };
		D99F872319AC822A00A828EE /* CoreGraphics.framework */ = {isa = PBXFileReference; lastKnownFileType = wrapper.framework; name = CoreGraphics.framework; path = System/Library/Frameworks/CoreGraphics.framework; sourceTree = SDKROOT; };
		D99F872519AC822A00A828EE /* UIKit.framework */ = {isa = PBXFileReference; lastKnownFileType = wrapper.framework; name = UIKit.framework; path = System/Library/Frameworks/UIKit.framework; sourceTree = SDKROOT; };
		D99F872919AC822A00A828EE /* Mediatek SmartDevice-Info.plist */ = {isa = PBXFileReference; lastKnownFileType = text.plist.xml; path = "Mediatek SmartDevice-Info.plist"; sourceTree = "<group>"; };
		D99F872B19AC822A00A828EE /* en */ = {isa = PBXFileReference; lastKnownFileType = text.plist.strings; name = en; path = en.lproj/InfoPlist.strings; sourceTree = "<group>"; };
		D99F872D19AC822A00A828EE /* main.m */ = {isa = PBXFileReference; lastKnownFileType = sourcecode.c.objc; path = main.m; sourceTree = "<group>"; };
		D99F872F19AC822A00A828EE /* Mediatek SmartDevice-Prefix.pch */ = {isa = PBXFileReference; lastKnownFileType = sourcecode.c.h; path = "Mediatek SmartDevice-Prefix.pch"; sourceTree = "<group>"; };
		D99F873019AC822A00A828EE /* MtkAppDelegate.h */ = {isa = PBXFileReference; lastKnownFileType = sourcecode.c.h; path = MtkAppDelegate.h; sourceTree = "<group>"; };
		D99F873119AC822A00A828EE /* MtkAppDelegate.m */ = {isa = PBXFileReference; lastKnownFileType = sourcecode.c.objc; path = MtkAppDelegate.m; sourceTree = "<group>"; };
		D99F873619AC822A00A828EE /* MtkViewController.h */ = {isa = PBXFileReference; lastKnownFileType = sourcecode.c.h; path = MtkViewController.h; sourceTree = "<group>"; };
		D99F873719AC822A00A828EE /* MtkViewController.m */ = {isa = PBXFileReference; lastKnownFileType = sourcecode.c.objc; path = MtkViewController.m; sourceTree = "<group>"; };
		D99F873919AC822A00A828EE /* Images.xcassets */ = {isa = PBXFileReference; lastKnownFileType = folder.assetcatalog; path = Images.xcassets; sourceTree = "<group>"; };
		D99F873F19AC822A00A828EE /* Smart WatchTests.xctest */ = {isa = PBXFileReference; explicitFileType = wrapper.cfbundle; includeInIndex = 0; path = "Smart WatchTests.xctest"; sourceTree = BUILT_PRODUCTS_DIR; };
		D99F874019AC822A00A828EE /* XCTest.framework */ = {isa = PBXFileReference; lastKnownFileType = wrapper.framework; name = XCTest.framework; path = Library/Frameworks/XCTest.framework; sourceTree = DEVELOPER_DIR; };
		D99F874819AC822A00A828EE /* Mediatek SmartDeviceTests-Info.plist */ = {isa = PBXFileReference; lastKnownFileType = text.plist.xml; path = "Mediatek SmartDeviceTests-Info.plist"; sourceTree = "<group>"; };
		D99F874A19AC822A00A828EE /* en */ = {isa = PBXFileReference; lastKnownFileType = text.plist.strings; name = en; path = en.lproj/InfoPlist.strings; sourceTree = "<group>"; };
		D99F874C19AC822A00A828EE /* Mediatek_SmartDeviceTests.m */ = {isa = PBXFileReference; lastKnownFileType = sourcecode.c.objc; path = Mediatek_SmartDeviceTests.m; sourceTree = "<group>"; };
		D99F875719AC842700A828EE /* Alarm.mp3 */ = {isa = PBXFileReference; lastKnownFileType = audio.mp3; name = Alarm.mp3; path = Resource/Alarm.mp3; sourceTree = "<group>"; };
		D99F875819AC842700A828EE /* BLE_Launch_320X480.png */ = {isa = PBXFileReference; lastKnownFileType = image.png; name = BLE_Launch_320X480.png; path = Resource/BLE_Launch_320X480.png; sourceTree = "<group>"; };
		D99F875919AC842700A828EE /* BLE_Launch_640X960.png */ = {isa = PBXFileReference; lastKnownFileType = image.png; name = BLE_Launch_640X960.png; path = Resource/BLE_Launch_640X960.png; sourceTree = "<group>"; };
		D99F875A19AC842700A828EE /* BLE_Launch_640X1136.png */ = {isa = PBXFileReference; lastKnownFileType = image.png; name = BLE_Launch_640X1136.png; path = Resource/BLE_Launch_640X1136.png; sourceTree = "<group>"; };
		D99F875B19AC842700A828EE /* ic_add_device.png */ = {isa = PBXFileReference; lastKnownFileType = image.png; name = ic_add_device.png; path = Resource/ic_add_device.png; sourceTree = "<group>"; };
		D99F875C19AC842700A828EE /* ic_alert_list.png */ = {isa = PBXFileReference; lastKnownFileType = image.png; name = ic_alert_list.png; path = Resource/ic_alert_list.png; sourceTree = "<group>"; };
		D99F875D19AC842700A828EE /* ic_BLE_Launcher_58X58.png */ = {isa = PBXFileReference; lastKnownFileType = image.png; name = ic_BLE_Launcher_58X58.png; path = Resource/ic_BLE_Launcher_58X58.png; sourceTree = "<group>"; };
		D99F875E19AC842700A828EE /* ic_BLE_Launcher_80X80.png */ = {isa = PBXFileReference; lastKnownFileType = image.png; name = ic_BLE_Launcher_80X80.png; path = Resource/ic_BLE_Launcher_80X80.png; sourceTree = "<group>"; };
		D99F875F19AC842700A828EE /* ic_BLE_Launcher_120X120.png */ = {isa = PBXFileReference; lastKnownFileType = image.png; name = ic_BLE_Launcher_120X120.png; path = Resource/ic_BLE_Launcher_120X120.png; sourceTree = "<group>"; };
		D99F876019AC842700A828EE /* ic_device.png */ = {isa = PBXFileReference; lastKnownFileType = image.png; name = ic_device.png; path = Resource/ic_device.png; sourceTree = "<group>"; };
		D99F876119AC842700A828EE /* ic_ringing.png */ = {isa = PBXFileReference; lastKnownFileType = image.png; name = ic_ringing.png; path = Resource/ic_ringing.png; sourceTree = "<group>"; };
		D99F876219AC842700A828EE /* ic_ringing2.png */ = {isa = PBXFileReference; lastKnownFileType = image.png; name = ic_ringing2.png; path = Resource/ic_ringing2.png; sourceTree = "<group>"; };
		D99F876319AC842700A828EE /* ic_search_device.png */ = {isa = PBXFileReference; lastKnownFileType = image.png; name = ic_search_device.png; path = Resource/ic_search_device.png; sourceTree = "<group>"; };
		D99F876419AC842700A828EE /* ic_signal_0.png */ = {isa = PBXFileReference; lastKnownFileType = image.png; name = ic_signal_0.png; path = Resource/ic_signal_0.png; sourceTree = "<group>"; };
		D99F876519AC842700A828EE /* ic_signal_1.png */ = {isa = PBXFileReference; lastKnownFileType = image.png; name = ic_signal_1.png; path = Resource/ic_signal_1.png; sourceTree = "<group>"; };
		D99F876619AC842700A828EE /* ic_signal_2.png */ = {isa = PBXFileReference; lastKnownFileType = image.png; name = ic_signal_2.png; path = Resource/ic_signal_2.png; sourceTree = "<group>"; };
		D99F876719AC842700A828EE /* ic_signal_3.png */ = {isa = PBXFileReference; lastKnownFileType = image.png; name = ic_signal_3.png; path = Resource/ic_signal_3.png; sourceTree = "<group>"; };
		D99F876819AC842700A828EE /* ic_signal_4.png */ = {isa = PBXFileReference; lastKnownFileType = image.png; name = ic_signal_4.png; path = Resource/ic_signal_4.png; sourceTree = "<group>"; };
		D99F876919AC842700A828EE /* sample.m4a */ = {isa = PBXFileReference; lastKnownFileType = file; name = sample.m4a; path = Resource/sample.m4a; sourceTree = "<group>"; };
		D99F878E19AC9DFF00A828EE /* BLEManagerModel.xcdatamodel */ = {isa = PBXFileReference; lastKnownFileType = wrapper.xcdatamodel; path = BLEManagerModel.xcdatamodel; sourceTree = "<group>"; };
		D99F878F19AC9DFF00A828EE /* CachedBLEDevice.h */ = {isa = PBXFileReference; fileEncoding = 4; lastKnownFileType = sourcecode.c.h; name = CachedBLEDevice.h; path = Data/CachedBLEDevice.h; sourceTree = "<group>"; };
		D99F879019AC9DFF00A828EE /* CachedBLEDevice.m */ = {isa = PBXFileReference; fileEncoding = 4; lastKnownFileType = sourcecode.c.objc; name = CachedBLEDevice.m; path = Data/CachedBLEDevice.m; sourceTree = "<group>"; };
		D99F879119AC9DFF00A828EE /* DeviceInfo.h */ = {isa = PBXFileReference; fileEncoding = 4; lastKnownFileType = sourcecode.c.h; name = DeviceInfo.h; path = Data/DeviceInfo.h; sourceTree = "<group>"; };
		D99F879219AC9DFF00A828EE /* DeviceInfo.m */ = {isa = PBXFileReference; fileEncoding = 4; lastKnownFileType = sourcecode.c.objc; name = DeviceInfo.m; path = Data/DeviceInfo.m; sourceTree = "<group>"; };
		D99F879319AC9DFF00A828EE /* DeviceParameter.h */ = {isa = PBXFileReference; fileEncoding = 4; lastKnownFileType = sourcecode.c.h; name = DeviceParameter.h; path = Data/DeviceParameter.h; sourceTree = "<group>"; };
		D99F879419AC9DFF00A828EE /* DeviceParameter.m */ = {isa = PBXFileReference; fileEncoding = 4; lastKnownFileType = sourcecode.c.objc; name = DeviceParameter.m; path = Data/DeviceParameter.m; sourceTree = "<group>"; };
		D99F879519AC9DFF00A828EE /* MTKDeviceParameterRecorder.h */ = {isa = PBXFileReference; fileEncoding = 4; lastKnownFileType = sourcecode.c.h; name = MTKDeviceParameterRecorder.h; path = Data/MTKDeviceParameterRecorder.h; sourceTree = "<group>"; };
		D99F879619AC9DFF00A828EE /* MTKDeviceParameterRecorder.m */ = {isa = PBXFileReference; fileEncoding = 4; lastKnownFileType = sourcecode.c.objc; name = MTKDeviceParameterRecorder.m; path = Data/MTKDeviceParameterRecorder.m; sourceTree = "<group>"; };
		D99F879C19AC9E0800A828EE /* BackgroundManager.h */ = {isa = PBXFileReference; fileEncoding = 4; lastKnownFileType = sourcecode.c.h; name = BackgroundManager.h; path = Logic/BackgroundManager.h; sourceTree = "<group>"; };
		D99F879D19AC9E0800A828EE /* BackgroundManager.m */ = {isa = PBXFileReference; fileEncoding = 4; lastKnownFileType = sourcecode.c.objc; name = BackgroundManager.m; path = Logic/BackgroundManager.m; sourceTree = "<group>"; };
		D99F879E19AC9E0800A828EE /* BLEManagerConstants.h */ = {isa = PBXFileReference; fileEncoding = 4; lastKnownFileType = sourcecode.c.h; name = BLEManagerConstants.h; path = Logic/BLEManagerConstants.h; sourceTree = "<group>"; };
		D99F87A319AC9E0800A828EE /* PhoneRinger.h */ = {isa = PBXFileReference; fileEncoding = 4; lastKnownFileType = sourcecode.c.h; name = PhoneRinger.h; path = Logic/PhoneRinger.h; sourceTree = "<group>"; };
		D99F87A419AC9E0800A828EE /* PhoneRinger.m */ = {isa = PBXFileReference; fileEncoding = 4; lastKnownFileType = sourcecode.c.objc; name = PhoneRinger.m; path = Logic/PhoneRinger.m; sourceTree = "<group>"; };
		D99F87A919AC9E1300A828EE /* DeviceManagerTableViewController.h */ = {isa = PBXFileReference; fileEncoding = 4; lastKnownFileType = sourcecode.c.h; name = DeviceManagerTableViewController.h; path = UI/DeviceManagerTableViewController.h; sourceTree = "<group>"; };
		D99F87AA19AC9E1300A828EE /* DeviceManagerTableViewController.m */ = {isa = PBXFileReference; fileEncoding = 4; lastKnownFileType = sourcecode.c.objc; name = DeviceManagerTableViewController.m; path = UI/DeviceManagerTableViewController.m; sourceTree = "<group>"; };
		D99F87AD19AC9E1300A828EE /* MainTableViewController.h */ = {isa = PBXFileReference; fileEncoding = 4; lastKnownFileType = sourcecode.c.h; name = MainTableViewController.h; path = UI/MainTableViewController.h; sourceTree = "<group>"; };
		D99F87AE19AC9E1300A828EE /* MainTableViewController.m */ = {isa = PBXFileReference; fileEncoding = 4; lastKnownFileType = sourcecode.c.objc; name = MainTableViewController.m; path = UI/MainTableViewController.m; sourceTree = "<group>"; };
		D99F87B119AC9E1300A828EE /* PxpConfigTableViewController.h */ = {isa = PBXFileReference; fileEncoding = 4; lastKnownFileType = sourcecode.c.h; name = PxpConfigTableViewController.h; path = UI/PxpConfigTableViewController.h; sourceTree = "<group>"; };
		D99F87B219AC9E1300A828EE /* PxpConfigTableViewController.m */ = {isa = PBXFileReference; fileEncoding = 4; lastKnownFileType = sourcecode.c.objc; name = PxpConfigTableViewController.m; path = UI/PxpConfigTableViewController.m; sourceTree = "<group>"; };
		D99F87B519AC9E1300A828EE /* PxpRangeChooserTableViewController.h */ = {isa = PBXFileReference; fileEncoding = 4; lastKnownFileType = sourcecode.c.h; name = PxpRangeChooserTableViewController.h; path = UI/PxpRangeChooserTableViewController.h; sourceTree = "<group>"; };
		D99F87B619AC9E1300A828EE /* PxpRangeChooserTableViewController.m */ = {isa = PBXFileReference; fileEncoding = 4; lastKnownFileType = sourcecode.c.objc; name = PxpRangeChooserTableViewController.m; path = UI/PxpRangeChooserTableViewController.m; sourceTree = "<group>"; };
		D99F87B919AC9E1300A828EE /* PxpWhenChooserTableViewController.h */ = {isa = PBXFileReference; fileEncoding = 4; lastKnownFileType = sourcecode.c.h; name = PxpWhenChooserTableViewController.h; path = UI/PxpWhenChooserTableViewController.h; sourceTree = "<group>"; };
		D99F87BA19AC9E1300A828EE /* PxpWhenChooserTableViewController.m */ = {isa = PBXFileReference; fileEncoding = 4; lastKnownFileType = sourcecode.c.objc; name = PxpWhenChooserTableViewController.m; path = UI/PxpWhenChooserTableViewController.m; sourceTree = "<group>"; };
		D99F87BF19AC9E1300A828EE /* ScannedDeviceTableCell.h */ = {isa = PBXFileReference; fileEncoding = 4; lastKnownFileType = sourcecode.c.h; name = ScannedDeviceTableCell.h; path = UI/ScannedDeviceTableCell.h; sourceTree = "<group>"; };
		D99F87C019AC9E1300A828EE /* ScannedDeviceTableCell.m */ = {isa = PBXFileReference; fileEncoding = 4; lastKnownFileType = sourcecode.c.objc; name = ScannedDeviceTableCell.m; path = UI/ScannedDeviceTableCell.m; sourceTree = "<group>"; };
		D99F87C219AC9E1300A828EE /* ScanTableViewController.h */ = {isa = PBXFileReference; fileEncoding = 4; lastKnownFileType = sourcecode.c.h; name = ScanTableViewController.h; path = UI/ScanTableViewController.h; sourceTree = "<group>"; };
		D99F87C319AC9E1300A828EE /* ScanTableViewController.m */ = {isa = PBXFileReference; fileEncoding = 4; lastKnownFileType = sourcecode.c.objc; name = ScanTableViewController.m; path = UI/ScanTableViewController.m; sourceTree = "<group>"; };
		D99F87D919ACAEED00A828EE /* ScanTopTableCell.h */ = {isa = PBXFileReference; fileEncoding = 4; lastKnownFileType = sourcecode.c.h; name = ScanTopTableCell.h; path = UI/ScanTopTableCell.h; sourceTree = "<group>"; };
		D99F87DA19ACAEED00A828EE /* ScanTopTableCell.m */ = {isa = PBXFileReference; fileEncoding = 4; lastKnownFileType = sourcecode.c.objc; name = ScanTopTableCell.m; path = UI/ScanTopTableCell.m; sourceTree = "<group>"; };
		D9A3951119B0149700B2ED46 /* ic_Launch_Image_320x480.png */ = {isa = PBXFileReference; lastKnownFileType = image.png; name = ic_Launch_Image_320x480.png; path = Resource/ic_Launch_Image_320x480.png; sourceTree = "<group>"; };
		D9A3951219B0149700B2ED46 /* ic_Launch_Image_640x960.png */ = {isa = PBXFileReference; lastKnownFileType = image.png; name = ic_Launch_Image_640x960.png; path = Resource/ic_Launch_Image_640x960.png; sourceTree = "<group>"; };
		D9A3951319B0149700B2ED46 /* ic_Launch_Image_640x1136.png */ = {isa = PBXFileReference; lastKnownFileType = image.png; name = ic_Launch_Image_640x1136.png; path = Resource/ic_Launch_Image_640x1136.png; sourceTree = "<group>"; };
		EA7E03571B4CD35C000EC94D /* ic_call_320x480.png */ = {isa = PBXFileReference; lastKnownFileType = image.png; path = ic_call_320x480.png; sourceTree = "<group>"; };
		EA7E03581B4CD35C000EC94D /* ic_call_640x1136.png */ = {isa = PBXFileReference; lastKnownFileType = image.png; path = ic_call_640x1136.png; sourceTree = "<group>"; };
		EA7E03591B4CD35C000EC94D /* ic_heart_list_22x22.png */ = {isa = PBXFileReference; lastKnownFileType = image.png; path = ic_heart_list_22x22.png; sourceTree = "<group>"; };
		EA7E035A1B4CD35C000EC94D /* ic_heart_list_44x44.png */ = {isa = PBXFileReference; lastKnownFileType = image.png; path = ic_heart_list_44x44.png; sourceTree = "<group>"; };
		EA7E035F1B4CF376000EC94D /* HealthDataMgrTableViewController.h */ = {isa = PBXFileReference; fileEncoding = 4; lastKnownFileType = sourcecode.c.h; path = HealthDataMgrTableViewController.h; sourceTree = "<group>"; };
		EA7E03601B4CF376000EC94D /* HealthDataMgrTableViewController.m */ = {isa = PBXFileReference; fileEncoding = 4; lastKnownFileType = sourcecode.c.objc; path = HealthDataMgrTableViewController.m; sourceTree = "<group>"; };
		EA7E03621B4CF39E000EC94D /* Controller.h */ = {isa = PBXFileReference; fileEncoding = 4; lastKnownFileType = sourcecode.c.h; path = Controller.h; sourceTree = "<group>"; };
		EA7E03631B4CF39E000EC94D /* PdmsSleepService.h */ = {isa = PBXFileReference; fileEncoding = 4; lastKnownFileType = sourcecode.c.h; path = PdmsSleepService.h; sourceTree = "<group>"; };
		EA7E03641B4CF39E000EC94D /* BLEClientProfile.h */ = {isa = PBXFileReference; fileEncoding = 4; lastKnownFileType = sourcecode.c.h; path = BLEClientProfile.h; sourceTree = "<group>"; };
		EA7E03651B4CF39E000EC94D /* FmpGattClient.h */ = {isa = PBXFileReference; fileEncoding = 4; lastKnownFileType = sourcecode.c.h; path = FmpGattClient.h; sourceTree = "<group>"; };
		EA7E03661B4CF39E000EC94D /* Linker.h */ = {isa = PBXFileReference; fileEncoding = 4; lastKnownFileType = sourcecode.c.h; path = Linker.h; sourceTree = "<group>"; };
		EA7E03671B4CF39E000EC94D /* BodyTemperatureService.h */ = {isa = PBXFileReference; fileEncoding = 4; lastKnownFileType = sourcecode.c.h; path = BodyTemperatureService.h; sourceTree = "<group>"; };
		EA7E03681B4CF39E000EC94D /* GATTLinker.h */ = {isa = PBXFileReference; fileEncoding = 4; lastKnownFileType = sourcecode.c.h; path = GATTLinker.h; sourceTree = "<group>"; };
		EA7E03691B4CF39E000EC94D /* SOSCallOperator.h */ = {isa = PBXFileReference; fileEncoding = 4; lastKnownFileType = sourcecode.c.h; path = SOSCallOperator.h; sourceTree = "<group>"; };
		EA7E036A1B4CF39E000EC94D /* SOSContact.h */ = {isa = PBXFileReference; fileEncoding = 4; lastKnownFileType = sourcecode.c.h; path = SOSContact.h; sourceTree = "<group>"; };
		EA7E036B1B4CF39E000EC94D /* BloodPressureService.h */ = {isa = PBXFileReference; fileEncoding = 4; lastKnownFileType = sourcecode.c.h; path = BloodPressureService.h; sourceTree = "<group>"; };
		EA7E036C1B4CF39E000EC94D /* DataParser.h */ = {isa = PBXFileReference; fileEncoding = 4; lastKnownFileType = sourcecode.c.h; path = DataParser.h; sourceTree = "<group>"; };
		EA7E036D1B4CF39E000EC94D /* HealthKitManager.h */ = {isa = PBXFileReference; fileEncoding = 4; lastKnownFileType = sourcecode.c.h; path = HealthKitManager.h; sourceTree = "<group>"; };
		EA7E036E1B4CF3BB000EC94D /* SOSCallDataManager.h */ = {isa = PBXFileReference; fileEncoding = 4; lastKnownFileType = sourcecode.c.h; path = SOSCallDataManager.h; sourceTree = "<group>"; };
		EA7E036F1B4CF3BB000EC94D /* SOSCallDataManager.m */ = {isa = PBXFileReference; fileEncoding = 4; lastKnownFileType = sourcecode.c.objc; path = SOSCallDataManager.m; sourceTree = "<group>"; };
		EA7E03871B4D0DFC000EC94D /* libMTKBleManager.a */ = {isa = PBXFileReference; lastKnownFileType = archive.ar; name = libMTKBleManager.a; path = ../../libMTKBleManager.a; sourceTree = "<group>"; };
/* End PBXFileReference section */

/* Begin PBXFrameworksBuildPhase section */
		D99F871B19AC822A00A828EE /* Frameworks */ = {
			isa = PBXFrameworksBuildPhase;
			buildActionMask = 2147483647;
			files = (
				EA7E03881B4D0DFC000EC94D /* libMTKBleManager.a in Frameworks */,
				A19CFBC71A78FF9A0036ED06 /* libsqlite3.dylib in Frameworks */,
				D99F872419AC822A00A828EE /* CoreGraphics.framework in Frameworks */,
				D99F872619AC822A00A828EE /* UIKit.framework in Frameworks */,
				D99F872219AC822A00A828EE /* Foundation.framework in Frameworks */,
			);
			runOnlyForDeploymentPostprocessing = 0;
		};
		D99F873C19AC822A00A828EE /* Frameworks */ = {
			isa = PBXFrameworksBuildPhase;
			buildActionMask = 2147483647;
			files = (
				D99F874119AC822A00A828EE /* XCTest.framework in Frameworks */,
				D99F874319AC822A00A828EE /* UIKit.framework in Frameworks */,
				D99F874219AC822A00A828EE /* Foundation.framework in Frameworks */,
			);
			runOnlyForDeploymentPostprocessing = 0;
		};
/* End PBXFrameworksBuildPhase section */

/* Begin PBXGroup section */
		A14A85D61ACABAE900E25AE4 /* NALLabelsMatrix */ = {
			isa = PBXGroup;
			children = (
				A14A85D71ACABAE900E25AE4 /* NALLabelsMatrix.h */,
				A14A85D81ACABAE900E25AE4 /* NALLabelsMatrix.m */,
			);
			path = NALLabelsMatrix;
			sourceTree = "<group>";
		};
		A15C18071A7B219000BC6AAE /* Utils */ = {
			isa = PBXGroup;
			children = (
				A15C18081A7B219000BC6AAE /* Utils.h */,
				A15C18091A7B219000BC6AAE /* Utils.m */,
			);
			path = Utils;
			sourceTree = "<group>";
		};
		A167CC5F1A7A5B8D006A73C7 /* Base.lproj */ = {
			isa = PBXGroup;
			children = (
				A167CC621A7A5B8D006A73C7 /* Main.storyboard */,
			);
			path = Base.lproj;
			sourceTree = "<group>";
		};
		A167CC641A7A5B8D006A73C7 /* zh-Hans.lproj */ = {
			isa = PBXGroup;
			children = (
				A167CC691A7A5B8D006A73C7 /* Main.strings */,
			);
			path = "zh-Hans.lproj";
			sourceTree = "<group>";
		};
		A167CC6B1A7A5B8D006A73C7 /* en.lproj */ = {
			isa = PBXGroup;
			children = (
				A167CC701A7A5B8D006A73C7 /* Main.strings */,
			);
			path = en.lproj;
			sourceTree = "<group>";
		};
		A17A5DCC1AD7E1CC005A0D50 /* UUChart */ = {
			isa = PBXGroup;
			children = (
				A17A5DCD1AD7E1CC005A0D50 /* UUBar.h */,
				A17A5DCE1AD7E1CC005A0D50 /* UUBar.m */,
				A17A5DCF1AD7E1CC005A0D50 /* UUBarChart.h */,
				A17A5DD01AD7E1CC005A0D50 /* UUBarChart.m */,
				A17A5DD11AD7E1CC005A0D50 /* UUChart.h */,
				A17A5DD21AD7E1CC005A0D50 /* UUChart.m */,
				A17A5DD31AD7E1CC005A0D50 /* UUChartLabel.h */,
				A17A5DD41AD7E1CC005A0D50 /* UUChartLabel.m */,
				A17A5DD51AD7E1CC005A0D50 /* UUColor.h */,
				A17A5DD61AD7E1CC005A0D50 /* UUColor.m */,
				A17A5DD71AD7E1CC005A0D50 /* UULineChart.h */,
				A17A5DD81AD7E1CC005A0D50 /* UULineChart.m */,
			);
			path = UUChart;
			sourceTree = "<group>";
		};
		A19E71D01A77BE1A002E9A7C /* 3rd */ = {
			isa = PBXGroup;
			children = (
				A17A5DCC1AD7E1CC005A0D50 /* UUChart */,
				A14A85D61ACABAE900E25AE4 /* NALLabelsMatrix */,
				A15C18071A7B219000BC6AAE /* Utils */,
				A19E71D11A77BE1A002E9A7C /* KDCustom */,
				A19E71DE1A77BE1A002E9A7C /* LWBLEManager */,
			);
			name = 3rd;
			path = lib/3rd;
			sourceTree = "<group>";
		};
		A19E71D11A77BE1A002E9A7C /* KDCustom */ = {
			isa = PBXGroup;
			children = (
				A19E71D41A77BE1A002E9A7C /* KDGoalBarPercentLayer.h */,
				A19E71D51A77BE1A002E9A7C /* KDGoalBarPercentLayer.m */,
				A19E71D61A77BE1A002E9A7C /* KDGoalBarPercentLayerThree.h */,
				A19E71D71A77BE1A002E9A7C /* KDGoalBarPercentLayerThree.m */,
				A19E71D81A77BE1A002E9A7C /* KDGoalBarPercentLayerTwo.h */,
				A19E71D91A77BE1A002E9A7C /* KDGoalBarPercentLayerTwo.m */,
				A19E71D21A77BE1A002E9A7C /* KDGoalBar.h */,
				A19E71D31A77BE1A002E9A7C /* KDGoalBar.m */,
				A19E71DC1A77BE1A002E9A7C /* KDGoalBarTwo.h */,
				A19E71DD1A77BE1A002E9A7C /* KDGoalBarTwo.m */,
				A19E71DA1A77BE1A002E9A7C /* KDGoalBarThree.h */,
				A19E71DB1A77BE1A002E9A7C /* KDGoalBarThree.m */,
				A19560F21AC53D1B0018A84B /* KDGoalBarPercentLayerSleep.h */,
				A19560F31AC53D1B0018A84B /* KDGoalBarPercentLayerSleep.m */,
				A19560F41AC53D1B0018A84B /* KDGoalBarSleep.h */,
				A19560F51AC53D1B0018A84B /* KDGoalBarSleep.m */,
			);
			path = KDCustom;
			sourceTree = "<group>";
		};
		A19E71DE1A77BE1A002E9A7C /* LWBLEManager */ = {
			isa = PBXGroup;
			children = (
				A19E71DF1A77BE1A002E9A7C /* LWBLEManager.h */,
				A19E71E01A77BE1A002E9A7C /* LWBLEManager.m */,
			);
			path = LWBLEManager;
			sourceTree = "<group>";
		};
		CE1703DD19B6B5BE002EF7BA /* inlcude */ = {
			isa = PBXGroup;
			children = (
				EA7E03621B4CF39E000EC94D /* Controller.h */,
				EA7E03631B4CF39E000EC94D /* PdmsSleepService.h */,
				EA7E03641B4CF39E000EC94D /* BLEClientProfile.h */,
				EA7E03651B4CF39E000EC94D /* FmpGattClient.h */,
				EA7E03661B4CF39E000EC94D /* Linker.h */,
				EA7E03671B4CF39E000EC94D /* BodyTemperatureService.h */,
				EA7E03681B4CF39E000EC94D /* GATTLinker.h */,
				EA7E03691B4CF39E000EC94D /* SOSCallOperator.h */,
				EA7E036A1B4CF39E000EC94D /* SOSContact.h */,
				EA7E036B1B4CF39E000EC94D /* BloodPressureService.h */,
				EA7E036C1B4CF39E000EC94D /* DataParser.h */,
				EA7E036D1B4CF39E000EC94D /* HealthKitManager.h */,
				CE9BCF0519BAE0F10009400B /* DefaultAlert.h */,
				CE9BCF0619BAE0F10009400B /* MTKBlePeripheralManager.h */,
				CE9BCF0719BAE0F10009400B /* VolumeController.h */,
				CE9BCEF619BAB2590009400B /* IAlert.h */,
				CE1703E119B6B77C002EF7BA /* AlertService.h */,
				CE1703E219B6B77C002EF7BA /* FmpCentral.h */,
				CE1703DF19B6B609002EF7BA /* MTKBleProximityService.h */,
				CE1703DE19B6B5D8002EF7BA /* MTKBleManager.h */,
			);
			name = inlcude;
			sourceTree = "<group>";
		};
		D99F871519AC822A00A828EE = {
			isa = PBXGroup;
			children = (
				D99F872719AC822A00A828EE /* Mediatek SmartDevice */,
				D99F874619AC822A00A828EE /* Mediatek SmartDeviceTests */,
				D99F872019AC822A00A828EE /* Frameworks */,
				D99F871F19AC822A00A828EE /* Products */,
			);
			sourceTree = "<group>";
		};
		D99F871F19AC822A00A828EE /* Products */ = {
			isa = PBXGroup;
			children = (
				D99F871E19AC822A00A828EE /* Smart Watch.app */,
				D99F873F19AC822A00A828EE /* Smart WatchTests.xctest */,
			);
			name = Products;
			sourceTree = "<group>";
		};
		D99F872019AC822A00A828EE /* Frameworks */ = {
			isa = PBXGroup;
			children = (
				EA7E03871B4D0DFC000EC94D /* libMTKBleManager.a */,
				A19CFBC61A78FF9A0036ED06 /* libsqlite3.dylib */,
				D99F872119AC822A00A828EE /* Foundation.framework */,
				D99F872319AC822A00A828EE /* CoreGraphics.framework */,
				D99F872519AC822A00A828EE /* UIKit.framework */,
				D99F874019AC822A00A828EE /* XCTest.framework */,
			);
			name = Frameworks;
			sourceTree = "<group>";
		};
		D99F872719AC822A00A828EE /* Mediatek SmartDevice */ = {
			isa = PBXGroup;
			children = (
				A19E71D01A77BE1A002E9A7C /* 3rd */,
				CE1703DD19B6B5BE002EF7BA /* inlcude */,
				D99F877F19AC9DB300A828EE /* Data */,
				D99F877E19AC9DAD00A828EE /* Logic */,
				D99F877D19AC9DA600A828EE /* UI */,
				D99F875619AC841600A828EE /* Resource */,
				D99F873019AC822A00A828EE /* MtkAppDelegate.h */,
				D99F873119AC822A00A828EE /* MtkAppDelegate.m */,
				A167CC5F1A7A5B8D006A73C7 /* Base.lproj */,
				A167CC641A7A5B8D006A73C7 /* zh-Hans.lproj */,
				A167CC6B1A7A5B8D006A73C7 /* en.lproj */,
				D99F873619AC822A00A828EE /* MtkViewController.h */,
				D99F873719AC822A00A828EE /* MtkViewController.m */,
				D99F873919AC822A00A828EE /* Images.xcassets */,
				D99F872819AC822A00A828EE /* Supporting Files */,
				CE50D6DE19C930B000FB7DBA /* Localizable.strings */,
			);
			path = "Mediatek SmartDevice";
			sourceTree = "<group>";
		};
		D99F872819AC822A00A828EE /* Supporting Files */ = {
			isa = PBXGroup;
			children = (
				D99F872919AC822A00A828EE /* Mediatek SmartDevice-Info.plist */,
				D99F872A19AC822A00A828EE /* InfoPlist.strings */,
				D99F872D19AC822A00A828EE /* main.m */,
				D99F872F19AC822A00A828EE /* Mediatek SmartDevice-Prefix.pch */,
			);
			name = "Supporting Files";
			sourceTree = "<group>";
		};
		D99F874619AC822A00A828EE /* Mediatek SmartDeviceTests */ = {
			isa = PBXGroup;
			children = (
				D99F874C19AC822A00A828EE /* Mediatek_SmartDeviceTests.m */,
				D99F874719AC822A00A828EE /* Supporting Files */,
			);
			path = "Mediatek SmartDeviceTests";
			sourceTree = "<group>";
		};
		D99F874719AC822A00A828EE /* Supporting Files */ = {
			isa = PBXGroup;
			children = (
				D99F874819AC822A00A828EE /* Mediatek SmartDeviceTests-Info.plist */,
				D99F874919AC822A00A828EE /* InfoPlist.strings */,
			);
			name = "Supporting Files";
			sourceTree = "<group>";
		};
		D99F875619AC841600A828EE /* Resource */ = {
			isa = PBXGroup;
			children = (
				EA7E03571B4CD35C000EC94D /* ic_call_320x480.png */,
				EA7E03581B4CD35C000EC94D /* ic_call_640x1136.png */,
				EA7E03591B4CD35C000EC94D /* ic_heart_list_22x22.png */,
				EA7E035A1B4CD35C000EC94D /* ic_heart_list_44x44.png */,
				A14F266C1AC95692002AC461 /* icon_4_sleep.png */,
				A14B65BB1A7CDFFA00566E4B /* icon_09.png */,
				A14B65BC1A7CDFFA00566E4B /* icon_10.png */,
				A14B65BD1A7CDFFA00566E4B /* icon_12.png */,
				A167CC7A1A7A5C93006A73C7 /* heart_selected.png */,
				A167CC7B1A7A5C93006A73C7 /* heart_default.png */,
				A167CC7C1A7A5C93006A73C7 /* alart_selected.png */,
				A167CC7D1A7A5C93006A73C7 /* alart_default.png */,
				A167CC7E1A7A5C93006A73C7 /* step_selected.png */,
				A167CC7F1A7A5C93006A73C7 /* step_default.png */,
				A19E71ED1A77BF9F002E9A7C /* NavBar64Blue.png */,
				D9A3951119B0149700B2ED46 /* ic_Launch_Image_320x480.png */,
				D9A3951219B0149700B2ED46 /* ic_Launch_Image_640x960.png */,
				D9A3951319B0149700B2ED46 /* ic_Launch_Image_640x1136.png */,
				D99F875719AC842700A828EE /* Alarm.mp3 */,
				D99F875819AC842700A828EE /* BLE_Launch_320X480.png */,
				D99F875919AC842700A828EE /* BLE_Launch_640X960.png */,
				D99F875A19AC842700A828EE /* BLE_Launch_640X1136.png */,
				D99F875B19AC842700A828EE /* ic_add_device.png */,
				D99F875C19AC842700A828EE /* ic_alert_list.png */,
				D99F875D19AC842700A828EE /* ic_BLE_Launcher_58X58.png */,
				D99F875E19AC842700A828EE /* ic_BLE_Launcher_80X80.png */,
				D99F875F19AC842700A828EE /* ic_BLE_Launcher_120X120.png */,
				D99F876019AC842700A828EE /* ic_device.png */,
				D99F876119AC842700A828EE /* ic_ringing.png */,
				D99F876219AC842700A828EE /* ic_ringing2.png */,
				D99F876319AC842700A828EE /* ic_search_device.png */,
				D99F876419AC842700A828EE /* ic_signal_0.png */,
				D99F876519AC842700A828EE /* ic_signal_1.png */,
				D99F876619AC842700A828EE /* ic_signal_2.png */,
				D99F876719AC842700A828EE /* ic_signal_3.png */,
				D99F876819AC842700A828EE /* ic_signal_4.png */,
				D99F876919AC842700A828EE /* sample.m4a */,
			);
			name = Resource;
			sourceTree = "<group>";
		};
		D99F877D19AC9DA600A828EE /* UI */ = {
			isa = PBXGroup;
			children = (
				A14F26661AC93D91002AC461 /* SleepViewController.h */,
				A14F26671AC93D91002AC461 /* SleepViewController.m */,
				A14F26691AC942A7002AC461 /* HeartRateViewController.h */,
				A14F266A1AC942A7002AC461 /* HeartRateViewController.m */,
				A19E71E91A77BE4D002E9A7C /* CalViewController.h */,
				A19E71E81A77BE4D002E9A7C /* CalViewController.m */,
				A14637DD1A88BC6200624F81 /* TabBarViewController.h */,
				A14637DE1A88BC6200624F81 /* TabBarViewController.m */,
				A15C18041A7B1EDA00BC6AAE /* StepSetViewController.h */,
				A15C18051A7B1EDA00BC6AAE /* StepSetViewController.m */,
				D99F87A919AC9E1300A828EE /* DeviceManagerTableViewController.h */,
				D99F87AA19AC9E1300A828EE /* DeviceManagerTableViewController.m */,
				D99F87AD19AC9E1300A828EE /* MainTableViewController.h */,
				D99F87AE19AC9E1300A828EE /* MainTableViewController.m */,
				D99F87B119AC9E1300A828EE /* PxpConfigTableViewController.h */,
				D99F87B219AC9E1300A828EE /* PxpConfigTableViewController.m */,
				D99F87B519AC9E1300A828EE /* PxpRangeChooserTableViewController.h */,
				D99F87B619AC9E1300A828EE /* PxpRangeChooserTableViewController.m */,
				D99F87B919AC9E1300A828EE /* PxpWhenChooserTableViewController.h */,
				D99F87BA19AC9E1300A828EE /* PxpWhenChooserTableViewController.m */,
				D99F87BF19AC9E1300A828EE /* ScannedDeviceTableCell.h */,
				D99F87C019AC9E1300A828EE /* ScannedDeviceTableCell.m */,
				CE50D6E519C9793000FB7DBA /* ScannedDeviceTableCell.xib */,
				D99F87C219AC9E1300A828EE /* ScanTableViewController.h */,
				D99F87C319AC9E1300A828EE /* ScanTableViewController.m */,
				D99F87D919ACAEED00A828EE /* ScanTopTableCell.h */,
				D99F87DA19ACAEED00A828EE /* ScanTopTableCell.m */,
				CE50D6EC19C9796400FB7DBA /* ScanTopTableCell.xib */,
				EA7E035F1B4CF376000EC94D /* HealthDataMgrTableViewController.h */,
				EA7E03601B4CF376000EC94D /* HealthDataMgrTableViewController.m */,
			);
			name = UI;
			sourceTree = "<group>";
		};
		D99F877E19AC9DAD00A828EE /* Logic */ = {
			isa = PBXGroup;
			children = (
				EA7E036E1B4CF3BB000EC94D /* SOSCallDataManager.h */,
				EA7E036F1B4CF3BB000EC94D /* SOSCallDataManager.m */,
				D99F879C19AC9E0800A828EE /* BackgroundManager.h */,
				D99F879D19AC9E0800A828EE /* BackgroundManager.m */,
				D99F879E19AC9E0800A828EE /* BLEManagerConstants.h */,
				D99F87A319AC9E0800A828EE /* PhoneRinger.h */,
				D99F87A419AC9E0800A828EE /* PhoneRinger.m */,
			);
			name = Logic;
			sourceTree = "<group>";
		};
		D99F877F19AC9DB300A828EE /* Data */ = {
			isa = PBXGroup;
			children = (
				D99F878D19AC9DFF00A828EE /* BLEManagerModel.xcdatamodeld */,
				D99F878F19AC9DFF00A828EE /* CachedBLEDevice.h */,
				D99F879019AC9DFF00A828EE /* CachedBLEDevice.m */,
				D99F879119AC9DFF00A828EE /* DeviceInfo.h */,
				D99F879219AC9DFF00A828EE /* DeviceInfo.m */,
				D99F879319AC9DFF00A828EE /* DeviceParameter.h */,
				D99F879419AC9DFF00A828EE /* DeviceParameter.m */,
				D99F879519AC9DFF00A828EE /* MTKDeviceParameterRecorder.h */,
				D99F879619AC9DFF00A828EE /* MTKDeviceParameterRecorder.m */,
			);
			name = Data;
			sourceTree = "<group>";
		};
/* End PBXGroup section */

/* Begin PBXNativeTarget section */
		D99F871D19AC822A00A828EE /* Smart Watch */ = {
			isa = PBXNativeTarget;
			buildConfigurationList = D99F875019AC822A00A828EE /* Build configuration list for PBXNativeTarget "Smart Watch" */;
			buildPhases = (
				D99F871A19AC822A00A828EE /* Sources */,
				D99F871B19AC822A00A828EE /* Frameworks */,
				D99F871C19AC822A00A828EE /* Resources */,
			);
			buildRules = (
			);
			dependencies = (
			);
			name = "Smart Watch";
			productName = "Mediatek SmartDevice";
			productReference = D99F871E19AC822A00A828EE /* Smart Watch.app */;
			productType = "com.apple.product-type.application";
		};
		D99F873E19AC822A00A828EE /* Smart WatchTests */ = {
			isa = PBXNativeTarget;
			buildConfigurationList = D99F875319AC822A00A828EE /* Build configuration list for PBXNativeTarget "Smart WatchTests" */;
			buildPhases = (
				D99F873B19AC822A00A828EE /* Sources */,
				D99F873C19AC822A00A828EE /* Frameworks */,
				D99F873D19AC822A00A828EE /* Resources */,
			);
			buildRules = (
			);
			dependencies = (
				D99F874519AC822A00A828EE /* PBXTargetDependency */,
			);
			name = "Smart WatchTests";
			productName = "Mediatek SmartDeviceTests";
			productReference = D99F873F19AC822A00A828EE /* Smart WatchTests.xctest */;
			productType = "com.apple.product-type.bundle.unit-test";
		};
/* End PBXNativeTarget section */

/* Begin PBXProject section */
		D99F871619AC822A00A828EE /* Project object */ = {
			isa = PBXProject;
			attributes = {
				CLASSPREFIX = Mtk;
				LastUpgradeCheck = 0510;
				ORGANIZATIONNAME = Mediatek;
				TargetAttributes = {
					D99F871D19AC822A00A828EE = {
						SystemCapabilities = {
							com.apple.BackgroundModes = {
								enabled = 1;
							};
						};
					};
					D99F873E19AC822A00A828EE = {
						DevelopmentTeam = 573K4LC8VX;
						TestTargetID = D99F871D19AC822A00A828EE;
					};
				};
			};
			buildConfigurationList = D99F871919AC822A00A828EE /* Build configuration list for PBXProject "Mediatek SmartDevice" */;
			compatibilityVersion = "Xcode 3.2";
			developmentRegion = English;
			hasScannedForEncodings = 0;
			knownRegions = (
				en,
				Base,
				"zh-Hans",
				es,
			);
			mainGroup = D99F871519AC822A00A828EE;
			productRefGroup = D99F871F19AC822A00A828EE /* Products */;
			projectDirPath = "";
			projectRoot = "";
			targets = (
				D99F871D19AC822A00A828EE /* Smart Watch */,
				D99F873E19AC822A00A828EE /* Smart WatchTests */,
			);
		};
/* End PBXProject section */

/* Begin PBXResourcesBuildPhase section */
		D99F871C19AC822A00A828EE /* Resources */ = {
			isa = PBXResourcesBuildPhase;
			buildActionMask = 2147483647;
			files = (
				EA7E035C1B4CD35C000EC94D /* ic_call_640x1136.png in Resources */,
				A167CC801A7A5C93006A73C7 /* heart_selected.png in Resources */,
				A19E71EE1A77BF9F002E9A7C /* NavBar64Blue.png in Resources */,
				D99F877419AC842700A828EE /* ic_ringing.png in Resources */,
				D99F876B19AC842700A828EE /* BLE_Launch_320X480.png in Resources */,
				D9A3951619B0149700B2ED46 /* ic_Launch_Image_640x1136.png in Resources */,
				D99F876D19AC842700A828EE /* BLE_Launch_640X1136.png in Resources */,
				D99F877719AC842700A828EE /* ic_signal_0.png in Resources */,
				D99F877319AC842700A828EE /* ic_device.png in Resources */,
				A167CC791A7A5B8D006A73C7 /* Main.strings in Resources */,
				D99F877A19AC842700A828EE /* ic_signal_3.png in Resources */,
				D9A3951519B0149700B2ED46 /* ic_Launch_Image_640x960.png in Resources */,
				D99F877819AC842700A828EE /* ic_signal_1.png in Resources */,
				D9A3951419B0149700B2ED46 /* ic_Launch_Image_320x480.png in Resources */,
				A14B65C01A7CDFFA00566E4B /* icon_12.png in Resources */,
				A167CC761A7A5B8D006A73C7 /* Main.strings in Resources */,
				D99F876A19AC842700A828EE /* Alarm.mp3 in Resources */,
				D99F873A19AC822A00A828EE /* Images.xcassets in Resources */,
				D99F877019AC842700A828EE /* ic_BLE_Launcher_58X58.png in Resources */,
				D99F877919AC842700A828EE /* ic_signal_2.png in Resources */,
				EA7E035B1B4CD35C000EC94D /* ic_call_320x480.png in Resources */,
				A167CC841A7A5C93006A73C7 /* step_selected.png in Resources */,
				A14F266D1AC95692002AC461 /* icon_4_sleep.png in Resources */,
				A14B65BF1A7CDFFA00566E4B /* icon_10.png in Resources */,
				D99F877B19AC842700A828EE /* ic_signal_4.png in Resources */,
				EA7E035E1B4CD35C000EC94D /* ic_heart_list_44x44.png in Resources */,
				CE50D6EA19C9796400FB7DBA /* ScanTopTableCell.xib in Resources */,
				CE50D6E319C9793000FB7DBA /* ScannedDeviceTableCell.xib in Resources */,
				EA7E035D1B4CD35C000EC94D /* ic_heart_list_22x22.png in Resources */,
				CE50D6DC19C930B000FB7DBA /* Localizable.strings in Resources */,
				D99F877C19AC842700A828EE /* sample.m4a in Resources */,
				D99F877619AC842700A828EE /* ic_search_device.png in Resources */,
				A167CC831A7A5C93006A73C7 /* alart_default.png in Resources */,
				A167CC821A7A5C93006A73C7 /* alart_selected.png in Resources */,
				A167CC731A7A5B8D006A73C7 /* Main.storyboard in Resources */,
				D99F872C19AC822A00A828EE /* InfoPlist.strings in Resources */,
				A167CC811A7A5C93006A73C7 /* heart_default.png in Resources */,
				A167CC851A7A5C93006A73C7 /* step_default.png in Resources */,
				D99F877219AC842700A828EE /* ic_BLE_Launcher_120X120.png in Resources */,
				D99F876C19AC842700A828EE /* BLE_Launch_640X960.png in Resources */,
				D99F876F19AC842700A828EE /* ic_alert_list.png in Resources */,
				A14B65BE1A7CDFFA00566E4B /* icon_09.png in Resources */,
				D99F877519AC842700A828EE /* ic_ringing2.png in Resources */,
				D99F877119AC842700A828EE /* ic_BLE_Launcher_80X80.png in Resources */,
				D99F876E19AC842700A828EE /* ic_add_device.png in Resources */,
			);
			runOnlyForDeploymentPostprocessing = 0;
		};
		D99F873D19AC822A00A828EE /* Resources */ = {
			isa = PBXResourcesBuildPhase;
			buildActionMask = 2147483647;
			files = (
				D99F874B19AC822A00A828EE /* InfoPlist.strings in Resources */,
			);
			runOnlyForDeploymentPostprocessing = 0;
		};
/* End PBXResourcesBuildPhase section */

/* Begin PBXSourcesBuildPhase section */
		D99F871A19AC822A00A828EE /* Sources */ = {
			isa = PBXSourcesBuildPhase;
			buildActionMask = 2147483647;
			files = (
				EA7E03861B4D097C000EC94D /* HealthDataMgrTableViewController.h in Sources */,
				EA7E03851B4D0959000EC94D /* SOSCallDataManager.h in Sources */,
				EA7E03721B4D094A000EC94D /* Controller.h in Sources */,
				EA7E03731B4D094A000EC94D /* PdmsSleepService.h in Sources */,
				EA7E03741B4D094A000EC94D /* BLEClientProfile.h in Sources */,
				EA7E03751B4D094A000EC94D /* FmpGattClient.h in Sources */,
				EA7E03761B4D094A000EC94D /* Linker.h in Sources */,
				EA7E03771B4D094A000EC94D /* BodyTemperatureService.h in Sources */,
				EA7E03781B4D094A000EC94D /* GATTLinker.h in Sources */,
				EA7E03791B4D094A000EC94D /* SOSCallOperator.h in Sources */,
				EA7E037A1B4D094A000EC94D /* SOSContact.h in Sources */,
				EA7E037B1B4D094A000EC94D /* BloodPressureService.h in Sources */,
				EA7E037C1B4D094A000EC94D /* DataParser.h in Sources */,
				EA7E037D1B4D094A000EC94D /* DefaultAlert.h in Sources */,
				EA7E037E1B4D094A000EC94D /* MTKBlePeripheralManager.h in Sources */,
				EA7E037F1B4D094A000EC94D /* VolumeController.h in Sources */,
				EA7E03801B4D094A000EC94D /* IAlert.h in Sources */,
				EA7E03811B4D094A000EC94D /* AlertService.h in Sources */,
				EA7E03821B4D094A000EC94D /* FmpCentral.h in Sources */,
				EA7E03831B4D094A000EC94D /* MTKBleProximityService.h in Sources */,
				EA7E03841B4D094A000EC94D /* MTKBleManager.h in Sources */,
				EA7E03711B4D0301000EC94D /* HealthKitManager.h in Sources */,
				A19E71E11A77BE1A002E9A7C /* KDGoalBar.m in Sources */,
				A17A5DD91AD7E1CC005A0D50 /* UUBar.m in Sources */,
				A19E71EB1A77BE4D002E9A7C /* CalViewController.m in Sources */,
				D99F873819AC822A00A828EE /* MtkViewController.m in Sources */,
				A17A5DDE1AD7E1CC005A0D50 /* UULineChart.m in Sources */,
				D99F872E19AC822A00A828EE /* main.m in Sources */,
				A17A5DDA1AD7E1CC005A0D50 /* UUBarChart.m in Sources */,
				A19E71E21A77BE1A002E9A7C /* KDGoalBarPercentLayer.m in Sources */,
				A14A85D91ACABAE900E25AE4 /* NALLabelsMatrix.m in Sources */,
				A19E71E31A77BE1A002E9A7C /* KDGoalBarPercentLayerThree.m in Sources */,
				D99F879B19AC9DFF00A828EE /* MTKDeviceParameterRecorder.m in Sources */,
				D99F87CE19AC9E1300A828EE /* PxpWhenChooserTableViewController.m in Sources */,
				A14F26681AC93D91002AC461 /* SleepViewController.m in Sources */,
				A17A5DDC1AD7E1CC005A0D50 /* UUChartLabel.m in Sources */,
				D99F87CC19AC9E1300A828EE /* PxpRangeChooserTableViewController.m in Sources */,
				D99F87D119AC9E1300A828EE /* ScannedDeviceTableCell.m in Sources */,
				D99F87C819AC9E1300A828EE /* MainTableViewController.m in Sources */,
				A19560F71AC53D1B0018A84B /* KDGoalBarSleep.m in Sources */,
				D99F879719AC9DFF00A828EE /* BLEManagerModel.xcdatamodeld in Sources */,
				D99F879819AC9DFF00A828EE /* CachedBLEDevice.m in Sources */,
				D99F87A819AC9E0800A828EE /* PhoneRinger.m in Sources */,
				D99F873219AC822A00A828EE /* MtkAppDelegate.m in Sources */,
				D99F879919AC9DFF00A828EE /* DeviceInfo.m in Sources */,
				A14637DF1A88BC6200624F81 /* TabBarViewController.m in Sources */,
				D99F87CA19AC9E1300A828EE /* PxpConfigTableViewController.m in Sources */,
				A17A5DDB1AD7E1CC005A0D50 /* UUChart.m in Sources */,
				A15C18061A7B1EDA00BC6AAE /* StepSetViewController.m in Sources */,
				EA7E03701B4CF3BB000EC94D /* SOSCallDataManager.m in Sources */,
				D99F87DC19ACAEED00A828EE /* ScanTopTableCell.m in Sources */,
				A15C180A1A7B219000BC6AAE /* Utils.m in Sources */,
				A19560F61AC53D1B0018A84B /* KDGoalBarPercentLayerSleep.m in Sources */,
				A14F266B1AC942A7002AC461 /* HeartRateViewController.m in Sources */,
				D99F87A519AC9E0800A828EE /* BackgroundManager.m in Sources */,
				A19E71E71A77BE1A002E9A7C /* LWBLEManager.m in Sources */,
				EA7E03611B4CF376000EC94D /* HealthDataMgrTableViewController.m in Sources */,
				A19E71E61A77BE1A002E9A7C /* KDGoalBarTwo.m in Sources */,
				A19E71E41A77BE1A002E9A7C /* KDGoalBarPercentLayerTwo.m in Sources */,
				A19E71E51A77BE1A002E9A7C /* KDGoalBarThree.m in Sources */,
				D99F879A19AC9DFF00A828EE /* DeviceParameter.m in Sources */,
				A17A5DDD1AD7E1CC005A0D50 /* UUColor.m in Sources */,
				D99F87D319AC9E1300A828EE /* ScanTableViewController.m in Sources */,
				D99F87C619AC9E1300A828EE /* DeviceManagerTableViewController.m in Sources */,
			);
			runOnlyForDeploymentPostprocessing = 0;
		};
		D99F873B19AC822A00A828EE /* Sources */ = {
			isa = PBXSourcesBuildPhase;
			buildActionMask = 2147483647;
			files = (
				D99F874D19AC822A00A828EE /* Mediatek_SmartDeviceTests.m in Sources */,
			);
			runOnlyForDeploymentPostprocessing = 0;
		};
/* End PBXSourcesBuildPhase section */

/* Begin PBXTargetDependency section */
		D99F874519AC822A00A828EE /* PBXTargetDependency */ = {
			isa = PBXTargetDependency;
			target = D99F871D19AC822A00A828EE /* Smart Watch */;
			targetProxy = D99F874419AC822A00A828EE /* PBXContainerItemProxy */;
		};
/* End PBXTargetDependency section */

/* Begin PBXVariantGroup section */
		A167CC621A7A5B8D006A73C7 /* Main.storyboard */ = {
			isa = PBXVariantGroup;
			children = (
				A167CC631A7A5B8D006A73C7 /* Base */,
			);
			name = Main.storyboard;
			sourceTree = "<group>";
		};
		A167CC691A7A5B8D006A73C7 /* Main.strings */ = {
			isa = PBXVariantGroup;
			children = (
				A167CC6A1A7A5B8D006A73C7 /* zh-Hans */,
				A14C9CE21AC6B48F0039509D /* es */,
			);
			name = Main.strings;
			sourceTree = "<group>";
		};
		A167CC701A7A5B8D006A73C7 /* Main.strings */ = {
			isa = PBXVariantGroup;
			children = (
				A167CC711A7A5B8D006A73C7 /* en */,
				A14C9CE51AC6B4920039509D /* es */,
			);
			name = Main.strings;
			sourceTree = "<group>";
		};
		CE50D6DE19C930B000FB7DBA /* Localizable.strings */ = {
			isa = PBXVariantGroup;
			children = (
				CE50D6DD19C930B000FB7DBA /* Base */,
				CE50D6DF19C930B500FB7DBA /* en */,
				CE50D6E019C930B600FB7DBA /* zh-Hans */,
				A14C9CE71AC6B4940039509D /* es */,
			);
			name = Localizable.strings;
			sourceTree = "<group>";
		};
		CE50D6E519C9793000FB7DBA /* ScannedDeviceTableCell.xib */ = {
			isa = PBXVariantGroup;
			children = (
				CE50D6E419C9793000FB7DBA /* Base */,
				CE50D6E719C9793B00FB7DBA /* en */,
				CE50D6E919C9794000FB7DBA /* zh-Hans */,
				A14C9CDD1AC6B4740039509D /* es */,
			);
			name = ScannedDeviceTableCell.xib;
			path = UI;
			sourceTree = "<group>";
		};
		CE50D6EC19C9796400FB7DBA /* ScanTopTableCell.xib */ = {
			isa = PBXVariantGroup;
			children = (
				CE50D6EB19C9796400FB7DBA /* Base */,
				CE50D6EE19C9797600FB7DBA /* en */,
				CE50D6F019C9797700FB7DBA /* zh-Hans */,
				A14C9CDE1AC6B4740039509D /* es */,
			);
			name = ScanTopTableCell.xib;
			path = UI;
			sourceTree = "<group>";
		};
		D99F872A19AC822A00A828EE /* InfoPlist.strings */ = {
			isa = PBXVariantGroup;
			children = (
				D99F872B19AC822A00A828EE /* en */,
				CE50D6D719C92FC700FB7DBA /* zh-Hans */,
				A14C9CE61AC6B4930039509D /* es */,
			);
			name = InfoPlist.strings;
			sourceTree = "<group>";
		};
		D99F874919AC822A00A828EE /* InfoPlist.strings */ = {
			isa = PBXVariantGroup;
			children = (
				D99F874A19AC822A00A828EE /* en */,
				CE50D6D819C92FC700FB7DBA /* zh-Hans */,
				A14C9CE81AC6B4950039509D /* es */,
			);
			name = InfoPlist.strings;
			sourceTree = "<group>";
		};
/* End PBXVariantGroup section */

/* Begin XCBuildConfiguration section */
		D99F874E19AC822A00A828EE /* Debug */ = {
			isa = XCBuildConfiguration;
			buildSettings = {
				ALWAYS_SEARCH_USER_PATHS = NO;
				CLANG_CXX_LANGUAGE_STANDARD = "gnu++0x";
				CLANG_CXX_LIBRARY = "libc++";
				CLANG_ENABLE_MODULES = YES;
				CLANG_ENABLE_OBJC_ARC = YES;
				CLANG_WARN_BOOL_CONVERSION = YES;
				CLANG_WARN_CONSTANT_CONVERSION = YES;
				CLANG_WARN_DIRECT_OBJC_ISA_USAGE = YES_ERROR;
				CLANG_WARN_EMPTY_BODY = YES;
				CLANG_WARN_ENUM_CONVERSION = YES;
				CLANG_WARN_INT_CONVERSION = YES;
				CLANG_WARN_OBJC_ROOT_CLASS = YES_ERROR;
				CLANG_WARN__DUPLICATE_METHOD_MATCH = YES;
				CODE_SIGN_IDENTITY = "";
				"CODE_SIGN_IDENTITY[sdk=iphoneos*]" = "";
				COPY_PHASE_STRIP = NO;
				GCC_C_LANGUAGE_STANDARD = gnu99;
				GCC_DYNAMIC_NO_PIC = NO;
				GCC_OPTIMIZATION_LEVEL = 0;
				GCC_PREPROCESSOR_DEFINITIONS = (
					"DEBUG=1",
					"$(inherited)",
				);
				GCC_SYMBOLS_PRIVATE_EXTERN = NO;
				GCC_WARN_64_TO_32_BIT_CONVERSION = YES;
				GCC_WARN_ABOUT_RETURN_TYPE = YES_ERROR;
				GCC_WARN_UNDECLARED_SELECTOR = YES;
				GCC_WARN_UNINITIALIZED_AUTOS = YES_AGGRESSIVE;
				GCC_WARN_UNUSED_FUNCTION = YES;
				GCC_WARN_UNUSED_VARIABLE = YES;
				IPHONEOS_DEPLOYMENT_TARGET = 7.0;
				ONLY_ACTIVE_ARCH = YES;
				PROVISIONING_PROFILE = "";
				SDKROOT = iphoneos;
			};
			name = Debug;
		};
		D99F874F19AC822A00A828EE /* Release */ = {
			isa = XCBuildConfiguration;
			buildSettings = {
				ALWAYS_SEARCH_USER_PATHS = NO;
				CLANG_CXX_LANGUAGE_STANDARD = "gnu++0x";
				CLANG_CXX_LIBRARY = "libc++";
				CLANG_ENABLE_MODULES = YES;
				CLANG_ENABLE_OBJC_ARC = YES;
				CLANG_WARN_BOOL_CONVERSION = YES;
				CLANG_WARN_CONSTANT_CONVERSION = YES;
				CLANG_WARN_DIRECT_OBJC_ISA_USAGE = YES_ERROR;
				CLANG_WARN_EMPTY_BODY = YES;
				CLANG_WARN_ENUM_CONVERSION = YES;
				CLANG_WARN_INT_CONVERSION = YES;
				CLANG_WARN_OBJC_ROOT_CLASS = YES_ERROR;
				CLANG_WARN__DUPLICATE_METHOD_MATCH = YES;
				CODE_SIGN_IDENTITY = "";
				"CODE_SIGN_IDENTITY[sdk=iphoneos*]" = "";
				COPY_PHASE_STRIP = YES;
				ENABLE_NS_ASSERTIONS = NO;
				GCC_C_LANGUAGE_STANDARD = gnu99;
				GCC_WARN_64_TO_32_BIT_CONVERSION = YES;
				GCC_WARN_ABOUT_RETURN_TYPE = YES_ERROR;
				GCC_WARN_UNDECLARED_SELECTOR = YES;
				GCC_WARN_UNINITIALIZED_AUTOS = YES_AGGRESSIVE;
				GCC_WARN_UNUSED_FUNCTION = YES;
				GCC_WARN_UNUSED_VARIABLE = YES;
				IPHONEOS_DEPLOYMENT_TARGET = 7.0;
				PROVISIONING_PROFILE = "";
				SDKROOT = iphoneos;
				VALIDATE_PRODUCT = YES;
			};
			name = Release;
		};
		D99F875119AC822A00A828EE /* Debug */ = {
			isa = XCBuildConfiguration;
			buildSettings = {
				ASSETCATALOG_COMPILER_APPICON_NAME = AppIcon;
				ASSETCATALOG_COMPILER_LAUNCHIMAGE_NAME = LaunchImage;
				CODE_SIGN_IDENTITY = "iPhone Distribution: Shenzhen Alpha Telecom Technology Co., Ltd. (573K4LC8VX)";
				"CODE_SIGN_IDENTITY[sdk=iphoneos*]" = "iPhone Distribution: Shenzhen Alpha Telecom Technology Co., Ltd. (573K4LC8VX)";
				FRAMEWORK_SEARCH_PATHS = "";
				GCC_PRECOMPILE_PREFIX_HEADER = YES;
				GCC_PREFIX_HEADER = "Mediatek SmartDevice/Mediatek SmartDevice-Prefix.pch";
				HEADER_SEARCH_PATHS = (
					"$(inherited)",
					/Applications/Xcode.app/Contents/Developer/Toolchains/XcodeDefault.xctoolchain/usr/include,
					"$SOURCE_ROOT/**",
				);
				INFOPLIST_FILE = "Mediatek SmartDevice/Mediatek SmartDevice-Info.plist";
				IPHONEOS_DEPLOYMENT_TARGET = 7.0;
				LIBRARY_SEARCH_PATHS = /Users/shiqin/Desktop;
				OTHER_LDFLAGS = "-ObjC";
				PRODUCT_NAME = "$(TARGET_NAME)";
				PROVISIONING_PROFILE = "";
				TARGETED_DEVICE_FAMILY = 1;
				WRAPPER_EXTENSION = app;
			};
			name = Debug;
		};
		D99F875219AC822A00A828EE /* Release */ = {
			isa = XCBuildConfiguration;
			buildSettings = {
				ASSETCATALOG_COMPILER_APPICON_NAME = AppIcon;
				ASSETCATALOG_COMPILER_LAUNCHIMAGE_NAME = LaunchImage;
				CODE_SIGN_IDENTITY = "iPhone Distribution: Shenzhen Alpha Telecom Technology Co., Ltd. (573K4LC8VX)";
				"CODE_SIGN_IDENTITY[sdk=iphoneos*]" = "iPhone Distribution: Shenzhen Alpha Telecom Technology Co., Ltd. (573K4LC8VX)";
				FRAMEWORK_SEARCH_PATHS = "";
				GCC_PRECOMPILE_PREFIX_HEADER = YES;
				GCC_PREFIX_HEADER = "Mediatek SmartDevice/Mediatek SmartDevice-Prefix.pch";
				HEADER_SEARCH_PATHS = (
					"$(inherited)",
					/Applications/Xcode.app/Contents/Developer/Toolchains/XcodeDefault.xctoolchain/usr/include,
					"$SOURCE_ROOT/**",
				);
				INFOPLIST_FILE = "Mediatek SmartDevice/Mediatek SmartDevice-Info.plist";
				IPHONEOS_DEPLOYMENT_TARGET = 7.0;
				LIBRARY_SEARCH_PATHS = /Users/shiqin/Desktop;
				OTHER_LDFLAGS = "-ObjC";
				PRODUCT_NAME = "$(TARGET_NAME)";
				PROVISIONING_PROFILE = "";
				TARGETED_DEVICE_FAMILY = 1;
				WRAPPER_EXTENSION = app;
			};
			name = Release;
		};
		D99F875419AC822A00A828EE /* Debug */ = {
			isa = XCBuildConfiguration;
			buildSettings = {
				BUNDLE_LOADER = "$(TEST_HOST)";
				CODE_SIGN_IDENTITY = "iPhone Developer";
				"CODE_SIGN_IDENTITY[sdk=iphoneos*]" = "iPhone Developer";
				FRAMEWORK_SEARCH_PATHS = (
					"$(SDKROOT)/Developer/Library/Frameworks",
					"$(inherited)",
					"$(DEVELOPER_FRAMEWORKS_DIR)",
				);
				GCC_PRECOMPILE_PREFIX_HEADER = YES;
				GCC_PREFIX_HEADER = "Mediatek SmartDevice/Mediatek SmartDevice-Prefix.pch";
				GCC_PREPROCESSOR_DEFINITIONS = (
					"DEBUG=1",
					"$(inherited)",
				);
				INFOPLIST_FILE = "Mediatek SmartDeviceTests/Mediatek SmartDeviceTests-Info.plist";
				PRODUCT_NAME = "$(TARGET_NAME)";
				PROVISIONING_PROFILE = "";
				TEST_HOST = "$(BUILT_PRODUCTS_DIR)/Smart Watch.app/Smart Watch";
				WRAPPER_EXTENSION = xctest;
			};
			name = Debug;
		};
		D99F875519AC822A00A828EE /* Release */ = {
			isa = XCBuildConfiguration;
			buildSettings = {
				BUNDLE_LOADER = "$(TEST_HOST)";
				CODE_SIGN_IDENTITY = "iPhone Developer";
				"CODE_SIGN_IDENTITY[sdk=iphoneos*]" = "iPhone Developer";
				FRAMEWORK_SEARCH_PATHS = (
					"$(SDKROOT)/Developer/Library/Frameworks",
					"$(inherited)",
					"$(DEVELOPER_FRAMEWORKS_DIR)",
				);
				GCC_PRECOMPILE_PREFIX_HEADER = YES;
				GCC_PREFIX_HEADER = "Mediatek SmartDevice/Mediatek SmartDevice-Prefix.pch";
				INFOPLIST_FILE = "Mediatek SmartDeviceTests/Mediatek SmartDeviceTests-Info.plist";
				PRODUCT_NAME = "$(TARGET_NAME)";
				PROVISIONING_PROFILE = "";
				TEST_HOST = "$(BUILT_PRODUCTS_DIR)/Smart Watch.app/Smart Watch";
				WRAPPER_EXTENSION = xctest;
			};
			name = Release;
		};
/* End XCBuildConfiguration section */

/* Begin XCConfigurationList section */
		D99F871919AC822A00A828EE /* Build configuration list for PBXProject "Mediatek SmartDevice" */ = {
			isa = XCConfigurationList;
			buildConfigurations = (
				D99F874E19AC822A00A828EE /* Debug */,
				D99F874F19AC822A00A828EE /* Release */,
			);
			defaultConfigurationIsVisible = 0;
			defaultConfigurationName = Release;
		};
		D99F875019AC822A00A828EE /* Build configuration list for PBXNativeTarget "Smart Watch" */ = {
			isa = XCConfigurationList;
			buildConfigurations = (
				D99F875119AC822A00A828EE /* Debug */,
				D99F875219AC822A00A828EE /* Release */,
			);
			defaultConfigurationIsVisible = 0;
			defaultConfigurationName = Release;
		};
		D99F875319AC822A00A828EE /* Build configuration list for PBXNativeTarget "Smart WatchTests" */ = {
			isa = XCConfigurationList;
			buildConfigurations = (
				D99F875419AC822A00A828EE /* Debug */,
				D99F875519AC822A00A828EE /* Release */,
			);
			defaultConfigurationIsVisible = 0;
			defaultConfigurationName = Release;
		};
/* End XCConfigurationList section */

/* Begin XCVersionGroup section */
		D99F878D19AC9DFF00A828EE /* BLEManagerModel.xcdatamodeld */ = {
			isa = XCVersionGroup;
			children = (
				D99F878E19AC9DFF00A828EE /* BLEManagerModel.xcdatamodel */,
			);
			currentVersion = D99F878E19AC9DFF00A828EE /* BLEManagerModel.xcdatamodel */;
			name = BLEManagerModel.xcdatamodeld;
			path = Data/BLEManagerModel.xcdatamodeld;
			sourceTree = "<group>";
			versionGroupType = wrapper.xcdatamodel;
		};
/* End XCVersionGroup section */
	};
	rootObject = D99F871619AC822A00A828EE /* Project object */;
}
